
Microsoft Visual Studio Solution File, Format Version 12.00
# Visual Studio 2013
VisualStudioVersion = 12.0.40629.0
MinimumVisualStudioVersion = 10.0.40219.1
Project("{2150E333-8FDC-42A3-9474-1A3956D46DE8}") = "Helper", "Helper", "{352AD5B5-CD41-4E7F-968F-A4421375ED1C}"
EndProject
Project("{FAE04EC0-301F-11D3-BF4B-00C04F79EFBC}") = "Linedata.Framework.Client.SubsPubEvents", "..\..\sree\TestApps\SubsPubEvents\Linedata.Framework.Client.SubsPubEvents.csproj", "{D758FFAD-5813-486B-86B8-742654407E76}"
EndProject
Project("{2150E333-8FDC-42A3-9474-1A3956D46DE8}") = "Solution Items", "Solution Items", "{562A6A72-5C09-464A-AC97-9158F20AA03F}"
	ProjectSection(SolutionItems) = preProject
		NavContingentCardViewer.Client\NavContingentCardViewerAddIn.Client.DetailReport.csproj = NavContingentCardViewer.Client\NavContingentCardViewerAddIn.Client.DetailReport.csproj
		RebalanceInfo\RebalanceInfo.csproj = RebalanceInfo\RebalanceInfo.csproj
	EndProjectSection
EndProject
Project("{FAE04EC0-301F-11D3-BF4B-00C04F79EFBC}") = "Reporting", "Reporting\Reporting.csproj", "{E76252B4-3179-4E43-A5AD-F0302F37590F}"
EndProject
Project("{FAE04EC0-301F-11D3-BF4B-00C04F79EFBC}") = "AccountTreeRecursive", "AccounttreeRecursive\AccountTreeRecursive.csproj", "{39D668FB-3A66-4B42-803E-752D87BEA999}"
EndProject
Project("{FAE04EC0-301F-11D3-BF4B-00C04F79EFBC}") = "SalesSharedContracts", "SalesSharedContracts\SalesSharedContracts.csproj", "{4DBCFC68-2E98-4AD5-A492-EEF6AFC63DA5}"
EndProject
Project("{FAE04EC0-301F-11D3-BF4B-00C04F79EFBC}") = "SalesServerTypes", "SalesServerTypes\SalesServerTypes.csproj", "{4F9B6D51-7BE0-4D1E-84E9-849291C49A3A}"
EndProject
Project("{FAE04EC0-301F-11D3-BF4B-00C04F79EFBC}") = "CashFlow", "CashFlow\CashFlow.csproj", "{9C82F464-41B3-45C4-B789-FB4AD5CD3598}"
EndProject
Project("{FAE04EC0-301F-11D3-BF4B-00C04F79EFBC}") = "CommissionViewer", "CommissionViewer\CommissionViewer.csproj", "{43DCE065-ADD6-489C-9FB3-2B84F5197201}"
EndProject
Project("{FAE04EC0-301F-11D3-BF4B-00C04F79EFBC}") = "CurrentOrders", "CurrentOrders\CurrentOrders.csproj", "{3347583E-A392-4EE9-9CCD-299D3A5E1FF5}"
EndProject
Project("{FAE04EC0-301F-11D3-BF4B-00C04F79EFBC}") = "DataDashBoard", "DataDashBoard\DataDashBoard.csproj", "{D4691B37-8166-4F96-B002-31452AA42CD6}"
EndProject
Project("{FAE04EC0-301F-11D3-BF4B-00C04F79EFBC}") = "ExceptionManagement", "DriftTool\ExceptionManagement.csproj", "{A5E1EE4B-4A91-4767-BFA1-B0CFA1987D8A}"
EndProject
Project("{FAE04EC0-301F-11D3-BF4B-00C04F79EFBC}") = "DynamicGroups", "DynamicGroups\DynamicGroups.csproj", "{9433E79B-87FF-4D6D-A23F-EBCD78C9E38D}"
EndProject
Project("{FAE04EC0-301F-11D3-BF4B-00C04F79EFBC}") = "GenericChartWidget", "GenericChartViewer\GenericChartWidget.csproj", "{E65245E1-CCB2-4EC5-8D79-E2DB8671EB94}"
EndProject
Project("{FAE04EC0-301F-11D3-BF4B-00C04F79EFBC}") = "GenericGridViewer", "GenericGridViewer\GenericGridViewer.csproj", "{AC91D752-EB00-4431-9AE9-126808038688}"
EndProject
Project("{FAE04EC0-301F-11D3-BF4B-00C04F79EFBC}") = "Guages", "Gauges\Guages.csproj", "{D4DE0DC5-1366-4C91-B4E9-89E18F28588A}"
EndProject
Project("{FAE04EC0-301F-11D3-BF4B-00C04F79EFBC}") = "ModelHelper", "ModelHelper\ModelHelper.csproj", "{016D145A-8173-468A-963D-D3D92D9EC27D}"
EndProject
Project("{FAE04EC0-301F-11D3-BF4B-00C04F79EFBC}") = "NavProcessStatus", "NavProcessStatus\NavProcessStatus.csproj", "{44CF21A8-30D0-4003-AC44-3DF89AA304F1}"
EndProject
Project("{FAE04EC0-301F-11D3-BF4B-00C04F79EFBC}") = "NavValidationViewer", "NavValidationViewer\NavValidationViewer.csproj", "{2FD1B548-A69E-4708-87AC-378A13601082}"
EndProject
Project("{FAE04EC0-301F-11D3-BF4B-00C04F79EFBC}") = "SecurityHistory", "SecurityHistory\SecurityHistory.csproj", "{6F3746CF-D9D4-48DE-BF05-539A0363660D}"
EndProject
Project("{FAE04EC0-301F-11D3-BF4B-00C04F79EFBC}") = "SpreadSheetWidget", "SpreadSheetWidget\SpreadSheetWidget.csproj", "{4552A1DE-96B4-4AEF-9FF6-AE4854EE7CAA}"
EndProject
Project("{FAE04EC0-301F-11D3-BF4B-00C04F79EFBC}") = "TaxHarvestor", "TaxHarvestor\TaxHarvestor.csproj", "{ABB22C98-A2E0-47D1-9E98-4B11831E8B5C}"
EndProject
Project("{FAE04EC0-301F-11D3-BF4B-00C04F79EFBC}") = "YieldCurve", "YieldCurve\YieldCurve.csproj", "{E98BF8F4-BB7D-44DE-A934-CD22D7912A75}"
EndProject
Project("{FAE04EC0-301F-11D3-BF4B-00C04F79EFBC}") = "PMDashBoard", "PMDashboard\PMDashBoard.csproj", "{64B8AB0E-7039-458A-B72A-C4429B9C6EAE}"
EndProject
Project("{FAE04EC0-301F-11D3-BF4B-00C04F79EFBC}") = "FIDashBoard", "FIDashBoard\FIDashBoard.csproj", "{C1C4F051-7FFC-4139-BFA4-38077B997AAB}"
EndProject
Project("{FAE04EC0-301F-11D3-BF4B-00C04F79EFBC}") = "NavContingentDashBoard", "NavContingentDashBoard\NavContingentDashBoard.csproj", "{E5968CC7-984A-42CE-9117-B4149D43D650}"
EndProject
Project("{FAE04EC0-301F-11D3-BF4B-00C04F79EFBC}") = "WebBrowserWidget", "WebBrowserWidget\WebBrowserWidget.csproj", "{60E59C03-CC42-4F5B-8FB5-C80E2F03AADE}"
EndProject
Project("{FAE04EC0-301F-11D3-BF4B-00C04F79EFBC}") = "BlotterView", "BlotterView\BlotterView.csproj", "{9282D1ED-9F1A-43B9-9450-AFA83EAE1E70}"
EndProject
Project("{FAE04EC0-301F-11D3-BF4B-00C04F79EFBC}") = "Statpro2", "StatPro2\Statpro2.csproj", "{F8A49468-38CB-46E9-AE84-FF4C25E220CF}"
EndProject
Project("{FAE04EC0-301F-11D3-BF4B-00C04F79EFBC}") = "PythonCloud", "PythonCloud\PythonCloud.csproj", "{EC6D1AE3-7A6D-4A89-96E1-02F9573B411B}"
EndProject
Project("{FAE04EC0-301F-11D3-BF4B-00C04F79EFBC}") = "Clarity", "Clarirty\Clarity.csproj", "{4BA8C15A-44CF-426F-B079-643DDD207ACE}"
EndProject
Project("{FAE04EC0-301F-11D3-BF4B-00C04F79EFBC}") = "OPSDashBoard", "OpsDashBoard\OPSDashBoard.csproj", "{F41EEA5A-3947-4D0F-BF2E-5B6142C85C20}"
EndProject
Project("{FAE04EC0-301F-11D3-BF4B-00C04F79EFBC}") = "LinkCash", "LinkedCash\LinkCash.csproj", "{C59ABE47-D52D-4D2E-B8A4-E26F192C5ACB}"
EndProject
Project("{FAE04EC0-301F-11D3-BF4B-00C04F79EFBC}") = "RebalanceInfo", "RebalanceInfo\RebalanceInfo.csproj", "{1B12D905-43F7-4152-B538-C8A84416F161}"
EndProject
Project("{FAE04EC0-301F-11D3-BF4B-00C04F79EFBC}") = "ReplacementLogic", "ReplacementLogic\ReplacementLogic.csproj", "{494B47E3-A168-486B-B965-356B29F2A01D}"
EndProject
Project("{FAE04EC0-301F-11D3-BF4B-00C04F79EFBC}") = "ComplianceDashBoard", "ComplianceDashBoard\ComplianceDashBoard.csproj", "{8A333FEB-6B4F-4AD5-A339-48E33B673D20}"
EndProject
Project("{FAE04EC0-301F-11D3-BF4B-00C04F79EFBC}") = "BlotterView1", "BlotterViewSimple\BlotterView1.csproj", "{2B7DC64C-CD78-4F03-B535-8A3034DCCC3E}"
EndProject
Project("{FAE04EC0-301F-11D3-BF4B-00C04F79EFBC}") = "SalesAccessor", "SalesAccessor\SalesAccessor.csproj", "{4B48BDE5-7595-4DCB-9967-75816A388FBE}"
EndProject
Project("{FAE04EC0-301F-11D3-BF4B-00C04F79EFBC}") = "SalesApiAccessorImpl", "SalesApiAccessorImpl\SalesApiAccessorImpl.csproj", "{EBF66222-DE05-4CE4-8B55-E73D5EB493FF}"
EndProject
Global
	GlobalSection(SolutionConfigurationPlatforms) = preSolution
		Debug|Any CPU = Debug|Any CPU
		Debug|Mixed Platforms = Debug|Mixed Platforms
		Debug|x64 = Debug|x64
		Debug|x86 = Debug|x86
		LVDBUG|Any CPU = LVDBUG|Any CPU
		LVDBUG|Mixed Platforms = LVDBUG|Mixed Platforms
		LVDBUG|x64 = LVDBUG|x64
		LVDBUG|x86 = LVDBUG|x86
		Release|Any CPU = Release|Any CPU
		Release|Mixed Platforms = Release|Mixed Platforms
		Release|x64 = Release|x64
		Release|x86 = Release|x86
		Test - Release|Any CPU = Test - Release|Any CPU
		Test - Release|Mixed Platforms = Test - Release|Mixed Platforms
		Test - Release|x64 = Test - Release|x64
		Test - Release|x86 = Test - Release|x86
	EndGlobalSection
	GlobalSection(ProjectConfigurationPlatforms) = postSolution
		{D758FFAD-5813-486B-86B8-742654407E76}.Debug|Any CPU.ActiveCfg = Debug|Any CPU
		{D758FFAD-5813-486B-86B8-742654407E76}.Debug|Any CPU.Build.0 = Debug|Any CPU
		{D758FFAD-5813-486B-86B8-742654407E76}.Debug|Mixed Platforms.ActiveCfg = Debug|Any CPU
		{D758FFAD-5813-486B-86B8-742654407E76}.Debug|Mixed Platforms.Build.0 = Debug|Any CPU
		{D758FFAD-5813-486B-86B8-742654407E76}.Debug|x64.ActiveCfg = Debug|x64
		{D758FFAD-5813-486B-86B8-742654407E76}.Debug|x64.Build.0 = Debug|x64
		{D758FFAD-5813-486B-86B8-742654407E76}.Debug|x86.ActiveCfg = Debug|Any CPU
		{D758FFAD-5813-486B-86B8-742654407E76}.LVDBUG|Any CPU.ActiveCfg = Release|Any CPU
		{D758FFAD-5813-486B-86B8-742654407E76}.LVDBUG|Any CPU.Build.0 = Release|Any CPU
		{D758FFAD-5813-486B-86B8-742654407E76}.LVDBUG|Mixed Platforms.ActiveCfg = Release|Any CPU
		{D758FFAD-5813-486B-86B8-742654407E76}.LVDBUG|Mixed Platforms.Build.0 = Release|Any CPU
		{D758FFAD-5813-486B-86B8-742654407E76}.LVDBUG|x64.ActiveCfg = Release|x64
		{D758FFAD-5813-486B-86B8-742654407E76}.LVDBUG|x64.Build.0 = Release|x64
		{D758FFAD-5813-486B-86B8-742654407E76}.LVDBUG|x86.ActiveCfg = Release|Any CPU
		{D758FFAD-5813-486B-86B8-742654407E76}.Release|Any CPU.ActiveCfg = Release|Any CPU
		{D758FFAD-5813-486B-86B8-742654407E76}.Release|Any CPU.Build.0 = Release|Any CPU
		{D758FFAD-5813-486B-86B8-742654407E76}.Release|Mixed Platforms.ActiveCfg = Release|Any CPU
		{D758FFAD-5813-486B-86B8-742654407E76}.Release|Mixed Platforms.Build.0 = Release|Any CPU
		{D758FFAD-5813-486B-86B8-742654407E76}.Release|x64.ActiveCfg = Release|x64
		{D758FFAD-5813-486B-86B8-742654407E76}.Release|x64.Build.0 = Release|x64
		{D758FFAD-5813-486B-86B8-742654407E76}.Release|x86.ActiveCfg = Release|Any CPU
		{D758FFAD-5813-486B-86B8-742654407E76}.Test - Release|Any CPU.ActiveCfg = Release|Any CPU
		{D758FFAD-5813-486B-86B8-742654407E76}.Test - Release|Any CPU.Build.0 = Release|Any CPU
		{D758FFAD-5813-486B-86B8-742654407E76}.Test - Release|Mixed Platforms.ActiveCfg = Release|Any CPU
		{D758FFAD-5813-486B-86B8-742654407E76}.Test - Release|Mixed Platforms.Build.0 = Release|Any CPU
		{D758FFAD-5813-486B-86B8-742654407E76}.Test - Release|x64.ActiveCfg = Release|x64
		{D758FFAD-5813-486B-86B8-742654407E76}.Test - Release|x64.Build.0 = Release|x64
		{D758FFAD-5813-486B-86B8-742654407E76}.Test - Release|x86.ActiveCfg = Release|Any CPU
		{E76252B4-3179-4E43-A5AD-F0302F37590F}.Debug|Any CPU.ActiveCfg = Debug|Any CPU
		{E76252B4-3179-4E43-A5AD-F0302F37590F}.Debug|Any CPU.Build.0 = Debug|Any CPU
		{E76252B4-3179-4E43-A5AD-F0302F37590F}.Debug|Mixed Platforms.ActiveCfg = Debug|Any CPU
		{E76252B4-3179-4E43-A5AD-F0302F37590F}.Debug|Mixed Platforms.Build.0 = Debug|Any CPU
		{E76252B4-3179-4E43-A5AD-F0302F37590F}.Debug|x64.ActiveCfg = Debug|x64
		{E76252B4-3179-4E43-A5AD-F0302F37590F}.Debug|x64.Build.0 = Debug|x64
		{E76252B4-3179-4E43-A5AD-F0302F37590F}.Debug|x86.ActiveCfg = Debug|Any CPU
		{E76252B4-3179-4E43-A5AD-F0302F37590F}.LVDBUG|Any CPU.ActiveCfg = Release|Any CPU
		{E76252B4-3179-4E43-A5AD-F0302F37590F}.LVDBUG|Any CPU.Build.0 = Release|Any CPU
		{E76252B4-3179-4E43-A5AD-F0302F37590F}.LVDBUG|Mixed Platforms.ActiveCfg = Release|Any CPU
		{E76252B4-3179-4E43-A5AD-F0302F37590F}.LVDBUG|Mixed Platforms.Build.0 = Release|Any CPU
		{E76252B4-3179-4E43-A5AD-F0302F37590F}.LVDBUG|x64.ActiveCfg = Release|x64
		{E76252B4-3179-4E43-A5AD-F0302F37590F}.LVDBUG|x64.Build.0 = Release|x64
		{E76252B4-3179-4E43-A5AD-F0302F37590F}.LVDBUG|x86.ActiveCfg = Release|Any CPU
		{E76252B4-3179-4E43-A5AD-F0302F37590F}.Release|Any CPU.ActiveCfg = Release|Any CPU
		{E76252B4-3179-4E43-A5AD-F0302F37590F}.Release|Any CPU.Build.0 = Release|Any CPU
		{E76252B4-3179-4E43-A5AD-F0302F37590F}.Release|Mixed Platforms.ActiveCfg = Release|Any CPU
		{E76252B4-3179-4E43-A5AD-F0302F37590F}.Release|Mixed Platforms.Build.0 = Release|Any CPU
		{E76252B4-3179-4E43-A5AD-F0302F37590F}.Release|x64.ActiveCfg = Release|x64
		{E76252B4-3179-4E43-A5AD-F0302F37590F}.Release|x64.Build.0 = Release|x64
		{E76252B4-3179-4E43-A5AD-F0302F37590F}.Release|x86.ActiveCfg = Release|Any CPU
		{E76252B4-3179-4E43-A5AD-F0302F37590F}.Test - Release|Any CPU.ActiveCfg = Release|Any CPU
		{E76252B4-3179-4E43-A5AD-F0302F37590F}.Test - Release|Any CPU.Build.0 = Release|Any CPU
		{E76252B4-3179-4E43-A5AD-F0302F37590F}.Test - Release|Mixed Platforms.ActiveCfg = Release|Any CPU
		{E76252B4-3179-4E43-A5AD-F0302F37590F}.Test - Release|Mixed Platforms.Build.0 = Release|Any CPU
		{E76252B4-3179-4E43-A5AD-F0302F37590F}.Test - Release|x64.ActiveCfg = Release|x64
		{E76252B4-3179-4E43-A5AD-F0302F37590F}.Test - Release|x64.Build.0 = Release|x64
		{E76252B4-3179-4E43-A5AD-F0302F37590F}.Test - Release|x86.ActiveCfg = Release|Any CPU
		{39D668FB-3A66-4B42-803E-752D87BEA999}.Debug|Any CPU.ActiveCfg = Debug|x64
		{39D668FB-3A66-4B42-803E-752D87BEA999}.Debug|Mixed Platforms.ActiveCfg = Debug|x64
		{39D668FB-3A66-4B42-803E-752D87BEA999}.Debug|Mixed Platforms.Build.0 = Debug|x64
		{39D668FB-3A66-4B42-803E-752D87BEA999}.Debug|x64.ActiveCfg = Debug|x64
		{39D668FB-3A66-4B42-803E-752D87BEA999}.Debug|x64.Build.0 = Debug|x64
		{39D668FB-3A66-4B42-803E-752D87BEA999}.Debug|x86.ActiveCfg = Debug|x64
		{39D668FB-3A66-4B42-803E-752D87BEA999}.LVDBUG|Any CPU.ActiveCfg = Release|x64
		{39D668FB-3A66-4B42-803E-752D87BEA999}.LVDBUG|Mixed Platforms.ActiveCfg = Release|x64
		{39D668FB-3A66-4B42-803E-752D87BEA999}.LVDBUG|Mixed Platforms.Build.0 = Release|x64
		{39D668FB-3A66-4B42-803E-752D87BEA999}.LVDBUG|x64.ActiveCfg = Release|x64
		{39D668FB-3A66-4B42-803E-752D87BEA999}.LVDBUG|x64.Build.0 = Release|x64
		{39D668FB-3A66-4B42-803E-752D87BEA999}.LVDBUG|x86.ActiveCfg = Release|x64
		{39D668FB-3A66-4B42-803E-752D87BEA999}.Release|Any CPU.ActiveCfg = Release|x64
		{39D668FB-3A66-4B42-803E-752D87BEA999}.Release|Mixed Platforms.ActiveCfg = Release|x64
		{39D668FB-3A66-4B42-803E-752D87BEA999}.Release|Mixed Platforms.Build.0 = Release|x64
		{39D668FB-3A66-4B42-803E-752D87BEA999}.Release|x64.ActiveCfg = Release|x64
		{39D668FB-3A66-4B42-803E-752D87BEA999}.Release|x64.Build.0 = Release|x64
		{39D668FB-3A66-4B42-803E-752D87BEA999}.Release|x86.ActiveCfg = Release|x64
		{39D668FB-3A66-4B42-803E-752D87BEA999}.Test - Release|Any CPU.ActiveCfg = Release|x64
		{39D668FB-3A66-4B42-803E-752D87BEA999}.Test - Release|Mixed Platforms.ActiveCfg = Release|x64
		{39D668FB-3A66-4B42-803E-752D87BEA999}.Test - Release|Mixed Platforms.Build.0 = Release|x64
		{39D668FB-3A66-4B42-803E-752D87BEA999}.Test - Release|x64.ActiveCfg = Release|x64
		{39D668FB-3A66-4B42-803E-752D87BEA999}.Test - Release|x64.Build.0 = Release|x64
		{39D668FB-3A66-4B42-803E-752D87BEA999}.Test - Release|x86.ActiveCfg = Release|x64
		{4DBCFC68-2E98-4AD5-A492-EEF6AFC63DA5}.Debug|Any CPU.ActiveCfg = Debug|Any CPU
		{4DBCFC68-2E98-4AD5-A492-EEF6AFC63DA5}.Debug|Any CPU.Build.0 = Debug|Any CPU
		{4DBCFC68-2E98-4AD5-A492-EEF6AFC63DA5}.Debug|Mixed Platforms.ActiveCfg = Debug|Any CPU
		{4DBCFC68-2E98-4AD5-A492-EEF6AFC63DA5}.Debug|Mixed Platforms.Build.0 = Debug|Any CPU
		{4DBCFC68-2E98-4AD5-A492-EEF6AFC63DA5}.Debug|x64.ActiveCfg = Debug|Any CPU
		{4DBCFC68-2E98-4AD5-A492-EEF6AFC63DA5}.Debug|x86.ActiveCfg = Debug|Any CPU
		{4DBCFC68-2E98-4AD5-A492-EEF6AFC63DA5}.LVDBUG|Any CPU.ActiveCfg = LVDBUG|Any CPU
		{4DBCFC68-2E98-4AD5-A492-EEF6AFC63DA5}.LVDBUG|Any CPU.Build.0 = LVDBUG|Any CPU
		{4DBCFC68-2E98-4AD5-A492-EEF6AFC63DA5}.LVDBUG|Mixed Platforms.ActiveCfg = LVDBUG|Any CPU
		{4DBCFC68-2E98-4AD5-A492-EEF6AFC63DA5}.LVDBUG|Mixed Platforms.Build.0 = LVDBUG|Any CPU
		{4DBCFC68-2E98-4AD5-A492-EEF6AFC63DA5}.LVDBUG|x64.ActiveCfg = LVDBUG|Any CPU
		{4DBCFC68-2E98-4AD5-A492-EEF6AFC63DA5}.LVDBUG|x86.ActiveCfg = LVDBUG|Any CPU
		{4DBCFC68-2E98-4AD5-A492-EEF6AFC63DA5}.Release|Any CPU.ActiveCfg = Release|Any CPU
		{4DBCFC68-2E98-4AD5-A492-EEF6AFC63DA5}.Release|Any CPU.Build.0 = Release|Any CPU
		{4DBCFC68-2E98-4AD5-A492-EEF6AFC63DA5}.Release|Mixed Platforms.ActiveCfg = Release|Any CPU
		{4DBCFC68-2E98-4AD5-A492-EEF6AFC63DA5}.Release|Mixed Platforms.Build.0 = Release|Any CPU
		{4DBCFC68-2E98-4AD5-A492-EEF6AFC63DA5}.Release|x64.ActiveCfg = Release|Any CPU
		{4DBCFC68-2E98-4AD5-A492-EEF6AFC63DA5}.Release|x86.ActiveCfg = Release|Any CPU
		{4DBCFC68-2E98-4AD5-A492-EEF6AFC63DA5}.Test - Release|Any CPU.ActiveCfg = Release|Any CPU
		{4DBCFC68-2E98-4AD5-A492-EEF6AFC63DA5}.Test - Release|Any CPU.Build.0 = Release|Any CPU
		{4DBCFC68-2E98-4AD5-A492-EEF6AFC63DA5}.Test - Release|Mixed Platforms.ActiveCfg = Release|Any CPU
		{4DBCFC68-2E98-4AD5-A492-EEF6AFC63DA5}.Test - Release|Mixed Platforms.Build.0 = Release|Any CPU
		{4DBCFC68-2E98-4AD5-A492-EEF6AFC63DA5}.Test - Release|x64.ActiveCfg = Release|Any CPU
		{4DBCFC68-2E98-4AD5-A492-EEF6AFC63DA5}.Test - Release|x86.ActiveCfg = Release|Any CPU
		{4F9B6D51-7BE0-4D1E-84E9-849291C49A3A}.Debug|Any CPU.ActiveCfg = Debug|Any CPU
		{4F9B6D51-7BE0-4D1E-84E9-849291C49A3A}.Debug|Any CPU.Build.0 = Debug|Any CPU
		{4F9B6D51-7BE0-4D1E-84E9-849291C49A3A}.Debug|Mixed Platforms.ActiveCfg = Debug|Any CPU
		{4F9B6D51-7BE0-4D1E-84E9-849291C49A3A}.Debug|Mixed Platforms.Build.0 = Debug|Any CPU
		{4F9B6D51-7BE0-4D1E-84E9-849291C49A3A}.Debug|x64.ActiveCfg = Debug|Any CPU
		{4F9B6D51-7BE0-4D1E-84E9-849291C49A3A}.Debug|x86.ActiveCfg = Debug|Any CPU
		{4F9B6D51-7BE0-4D1E-84E9-849291C49A3A}.LVDBUG|Any CPU.ActiveCfg = LVDBUG|Any CPU
		{4F9B6D51-7BE0-4D1E-84E9-849291C49A3A}.LVDBUG|Any CPU.Build.0 = LVDBUG|Any CPU
		{4F9B6D51-7BE0-4D1E-84E9-849291C49A3A}.LVDBUG|Mixed Platforms.ActiveCfg = LVDBUG|Any CPU
		{4F9B6D51-7BE0-4D1E-84E9-849291C49A3A}.LVDBUG|Mixed Platforms.Build.0 = LVDBUG|Any CPU
		{4F9B6D51-7BE0-4D1E-84E9-849291C49A3A}.LVDBUG|x64.ActiveCfg = LVDBUG|Any CPU
		{4F9B6D51-7BE0-4D1E-84E9-849291C49A3A}.LVDBUG|x86.ActiveCfg = LVDBUG|Any CPU
		{4F9B6D51-7BE0-4D1E-84E9-849291C49A3A}.Release|Any CPU.ActiveCfg = Release|Any CPU
		{4F9B6D51-7BE0-4D1E-84E9-849291C49A3A}.Release|Any CPU.Build.0 = Release|Any CPU
		{4F9B6D51-7BE0-4D1E-84E9-849291C49A3A}.Release|Mixed Platforms.ActiveCfg = Release|Any CPU
		{4F9B6D51-7BE0-4D1E-84E9-849291C49A3A}.Release|Mixed Platforms.Build.0 = Release|Any CPU
		{4F9B6D51-7BE0-4D1E-84E9-849291C49A3A}.Release|x64.ActiveCfg = Release|Any CPU
		{4F9B6D51-7BE0-4D1E-84E9-849291C49A3A}.Release|x86.ActiveCfg = Release|Any CPU
		{4F9B6D51-7BE0-4D1E-84E9-849291C49A3A}.Test - Release|Any CPU.ActiveCfg = Release|Any CPU
		{4F9B6D51-7BE0-4D1E-84E9-849291C49A3A}.Test - Release|Any CPU.Build.0 = Release|Any CPU
		{4F9B6D51-7BE0-4D1E-84E9-849291C49A3A}.Test - Release|Mixed Platforms.ActiveCfg = Release|Any CPU
		{4F9B6D51-7BE0-4D1E-84E9-849291C49A3A}.Test - Release|Mixed Platforms.Build.0 = Release|Any CPU
		{4F9B6D51-7BE0-4D1E-84E9-849291C49A3A}.Test - Release|x64.ActiveCfg = Release|Any CPU
		{4F9B6D51-7BE0-4D1E-84E9-849291C49A3A}.Test - Release|x86.ActiveCfg = Release|Any CPU
		{9C82F464-41B3-45C4-B789-FB4AD5CD3598}.Debug|Any CPU.ActiveCfg = Debug|Any CPU
		{9C82F464-41B3-45C4-B789-FB4AD5CD3598}.Debug|Any CPU.Build.0 = Debug|Any CPU
		{9C82F464-41B3-45C4-B789-FB4AD5CD3598}.Debug|Mixed Platforms.ActiveCfg = Debug|Any CPU
		{9C82F464-41B3-45C4-B789-FB4AD5CD3598}.Debug|Mixed Platforms.Build.0 = Debug|Any CPU
		{9C82F464-41B3-45C4-B789-FB4AD5CD3598}.Debug|x64.ActiveCfg = Debug|x64
		{9C82F464-41B3-45C4-B789-FB4AD5CD3598}.Debug|x64.Build.0 = Debug|x64
		{9C82F464-41B3-45C4-B789-FB4AD5CD3598}.Debug|x86.ActiveCfg = Debug|Any CPU
		{9C82F464-41B3-45C4-B789-FB4AD5CD3598}.LVDBUG|Any CPU.ActiveCfg = Release|Any CPU
		{9C82F464-41B3-45C4-B789-FB4AD5CD3598}.LVDBUG|Any CPU.Build.0 = Release|Any CPU
		{9C82F464-41B3-45C4-B789-FB4AD5CD3598}.LVDBUG|Mixed Platforms.ActiveCfg = Release|Any CPU
		{9C82F464-41B3-45C4-B789-FB4AD5CD3598}.LVDBUG|Mixed Platforms.Build.0 = Release|Any CPU
		{9C82F464-41B3-45C4-B789-FB4AD5CD3598}.LVDBUG|x64.ActiveCfg = Release|x64
		{9C82F464-41B3-45C4-B789-FB4AD5CD3598}.LVDBUG|x64.Build.0 = Release|x64
		{9C82F464-41B3-45C4-B789-FB4AD5CD3598}.LVDBUG|x86.ActiveCfg = Release|Any CPU
		{9C82F464-41B3-45C4-B789-FB4AD5CD3598}.Release|Any CPU.ActiveCfg = Release|Any CPU
		{9C82F464-41B3-45C4-B789-FB4AD5CD3598}.Release|Any CPU.Build.0 = Release|Any CPU
		{9C82F464-41B3-45C4-B789-FB4AD5CD3598}.Release|Mixed Platforms.ActiveCfg = Release|Any CPU
		{9C82F464-41B3-45C4-B789-FB4AD5CD3598}.Release|Mixed Platforms.Build.0 = Release|Any CPU
		{9C82F464-41B3-45C4-B789-FB4AD5CD3598}.Release|x64.ActiveCfg = Release|x64
		{9C82F464-41B3-45C4-B789-FB4AD5CD3598}.Release|x64.Build.0 = Release|x64
		{9C82F464-41B3-45C4-B789-FB4AD5CD3598}.Release|x86.ActiveCfg = Release|Any CPU
		{9C82F464-41B3-45C4-B789-FB4AD5CD3598}.Test - Release|Any CPU.ActiveCfg = Release|Any CPU
		{9C82F464-41B3-45C4-B789-FB4AD5CD3598}.Test - Release|Any CPU.Build.0 = Release|Any CPU
		{9C82F464-41B3-45C4-B789-FB4AD5CD3598}.Test - Release|Mixed Platforms.ActiveCfg = Release|Any CPU
		{9C82F464-41B3-45C4-B789-FB4AD5CD3598}.Test - Release|Mixed Platforms.Build.0 = Release|Any CPU
		{9C82F464-41B3-45C4-B789-FB4AD5CD3598}.Test - Release|x64.ActiveCfg = Release|x64
		{9C82F464-41B3-45C4-B789-FB4AD5CD3598}.Test - Release|x64.Build.0 = Release|x64
		{9C82F464-41B3-45C4-B789-FB4AD5CD3598}.Test - Release|x86.ActiveCfg = Release|Any CPU
		{43DCE065-ADD6-489C-9FB3-2B84F5197201}.Debug|Any CPU.ActiveCfg = Debug|Any CPU
		{43DCE065-ADD6-489C-9FB3-2B84F5197201}.Debug|Any CPU.Build.0 = Debug|Any CPU
		{43DCE065-ADD6-489C-9FB3-2B84F5197201}.Debug|Mixed Platforms.ActiveCfg = Debug|Any CPU
		{43DCE065-ADD6-489C-9FB3-2B84F5197201}.Debug|Mixed Platforms.Build.0 = Debug|Any CPU
		{43DCE065-ADD6-489C-9FB3-2B84F5197201}.Debug|x64.ActiveCfg = Debug|x64
		{43DCE065-ADD6-489C-9FB3-2B84F5197201}.Debug|x64.Build.0 = Debug|x64
		{43DCE065-ADD6-489C-9FB3-2B84F5197201}.Debug|x86.ActiveCfg = Debug|Any CPU
		{43DCE065-ADD6-489C-9FB3-2B84F5197201}.LVDBUG|Any CPU.ActiveCfg = Release|Any CPU
		{43DCE065-ADD6-489C-9FB3-2B84F5197201}.LVDBUG|Any CPU.Build.0 = Release|Any CPU
		{43DCE065-ADD6-489C-9FB3-2B84F5197201}.LVDBUG|Mixed Platforms.ActiveCfg = Release|Any CPU
		{43DCE065-ADD6-489C-9FB3-2B84F5197201}.LVDBUG|Mixed Platforms.Build.0 = Release|Any CPU
		{43DCE065-ADD6-489C-9FB3-2B84F5197201}.LVDBUG|x64.ActiveCfg = Release|x64
		{43DCE065-ADD6-489C-9FB3-2B84F5197201}.LVDBUG|x64.Build.0 = Release|x64
		{43DCE065-ADD6-489C-9FB3-2B84F5197201}.LVDBUG|x86.ActiveCfg = Release|Any CPU
		{43DCE065-ADD6-489C-9FB3-2B84F5197201}.Release|Any CPU.ActiveCfg = Release|Any CPU
		{43DCE065-ADD6-489C-9FB3-2B84F5197201}.Release|Any CPU.Build.0 = Release|Any CPU
		{43DCE065-ADD6-489C-9FB3-2B84F5197201}.Release|Mixed Platforms.ActiveCfg = Release|Any CPU
		{43DCE065-ADD6-489C-9FB3-2B84F5197201}.Release|Mixed Platforms.Build.0 = Release|Any CPU
		{43DCE065-ADD6-489C-9FB3-2B84F5197201}.Release|x64.ActiveCfg = Release|x64
		{43DCE065-ADD6-489C-9FB3-2B84F5197201}.Release|x64.Build.0 = Release|x64
		{43DCE065-ADD6-489C-9FB3-2B84F5197201}.Release|x86.ActiveCfg = Release|Any CPU
		{43DCE065-ADD6-489C-9FB3-2B84F5197201}.Test - Release|Any CPU.ActiveCfg = Release|Any CPU
		{43DCE065-ADD6-489C-9FB3-2B84F5197201}.Test - Release|Any CPU.Build.0 = Release|Any CPU
		{43DCE065-ADD6-489C-9FB3-2B84F5197201}.Test - Release|Mixed Platforms.ActiveCfg = Release|Any CPU
		{43DCE065-ADD6-489C-9FB3-2B84F5197201}.Test - Release|Mixed Platforms.Build.0 = Release|Any CPU
		{43DCE065-ADD6-489C-9FB3-2B84F5197201}.Test - Release|x64.ActiveCfg = Release|x64
		{43DCE065-ADD6-489C-9FB3-2B84F5197201}.Test - Release|x64.Build.0 = Release|x64
		{43DCE065-ADD6-489C-9FB3-2B84F5197201}.Test - Release|x86.ActiveCfg = Release|Any CPU
		{3347583E-A392-4EE9-9CCD-299D3A5E1FF5}.Debug|Any CPU.ActiveCfg = Debug|Any CPU
		{3347583E-A392-4EE9-9CCD-299D3A5E1FF5}.Debug|Any CPU.Build.0 = Debug|Any CPU
		{3347583E-A392-4EE9-9CCD-299D3A5E1FF5}.Debug|Mixed Platforms.ActiveCfg = Debug|Any CPU
		{3347583E-A392-4EE9-9CCD-299D3A5E1FF5}.Debug|Mixed Platforms.Build.0 = Debug|Any CPU
		{3347583E-A392-4EE9-9CCD-299D3A5E1FF5}.Debug|x64.ActiveCfg = Debug|x64
		{3347583E-A392-4EE9-9CCD-299D3A5E1FF5}.Debug|x64.Build.0 = Debug|x64
		{3347583E-A392-4EE9-9CCD-299D3A5E1FF5}.Debug|x86.ActiveCfg = Debug|Any CPU
		{3347583E-A392-4EE9-9CCD-299D3A5E1FF5}.LVDBUG|Any CPU.ActiveCfg = Release|Any CPU
		{3347583E-A392-4EE9-9CCD-299D3A5E1FF5}.LVDBUG|Any CPU.Build.0 = Release|Any CPU
		{3347583E-A392-4EE9-9CCD-299D3A5E1FF5}.LVDBUG|Mixed Platforms.ActiveCfg = Release|Any CPU
		{3347583E-A392-4EE9-9CCD-299D3A5E1FF5}.LVDBUG|Mixed Platforms.Build.0 = Release|Any CPU
		{3347583E-A392-4EE9-9CCD-299D3A5E1FF5}.LVDBUG|x64.ActiveCfg = Release|x64
		{3347583E-A392-4EE9-9CCD-299D3A5E1FF5}.LVDBUG|x64.Build.0 = Release|x64
		{3347583E-A392-4EE9-9CCD-299D3A5E1FF5}.LVDBUG|x86.ActiveCfg = Release|Any CPU
		{3347583E-A392-4EE9-9CCD-299D3A5E1FF5}.Release|Any CPU.ActiveCfg = Release|Any CPU
		{3347583E-A392-4EE9-9CCD-299D3A5E1FF5}.Release|Any CPU.Build.0 = Release|Any CPU
		{3347583E-A392-4EE9-9CCD-299D3A5E1FF5}.Release|Mixed Platforms.ActiveCfg = Release|Any CPU
		{3347583E-A392-4EE9-9CCD-299D3A5E1FF5}.Release|Mixed Platforms.Build.0 = Release|Any CPU
		{3347583E-A392-4EE9-9CCD-299D3A5E1FF5}.Release|x64.ActiveCfg = Release|x64
		{3347583E-A392-4EE9-9CCD-299D3A5E1FF5}.Release|x64.Build.0 = Release|x64
		{3347583E-A392-4EE9-9CCD-299D3A5E1FF5}.Release|x86.ActiveCfg = Release|Any CPU
		{3347583E-A392-4EE9-9CCD-299D3A5E1FF5}.Test - Release|Any CPU.ActiveCfg = Release|Any CPU
		{3347583E-A392-4EE9-9CCD-299D3A5E1FF5}.Test - Release|Any CPU.Build.0 = Release|Any CPU
		{3347583E-A392-4EE9-9CCD-299D3A5E1FF5}.Test - Release|Mixed Platforms.ActiveCfg = Release|Any CPU
		{3347583E-A392-4EE9-9CCD-299D3A5E1FF5}.Test - Release|Mixed Platforms.Build.0 = Release|Any CPU
		{3347583E-A392-4EE9-9CCD-299D3A5E1FF5}.Test - Release|x64.ActiveCfg = Release|x64
		{3347583E-A392-4EE9-9CCD-299D3A5E1FF5}.Test - Release|x64.Build.0 = Release|x64
		{3347583E-A392-4EE9-9CCD-299D3A5E1FF5}.Test - Release|x86.ActiveCfg = Release|Any CPU
		{D4691B37-8166-4F96-B002-31452AA42CD6}.Debug|Any CPU.ActiveCfg = Debug|Any CPU
		{D4691B37-8166-4F96-B002-31452AA42CD6}.Debug|Any CPU.Build.0 = Debug|Any CPU
		{D4691B37-8166-4F96-B002-31452AA42CD6}.Debug|Mixed Platforms.ActiveCfg = Debug|Any CPU
		{D4691B37-8166-4F96-B002-31452AA42CD6}.Debug|Mixed Platforms.Build.0 = Debug|Any CPU
		{D4691B37-8166-4F96-B002-31452AA42CD6}.Debug|x64.ActiveCfg = Debug|x64
		{D4691B37-8166-4F96-B002-31452AA42CD6}.Debug|x64.Build.0 = Debug|x64
		{D4691B37-8166-4F96-B002-31452AA42CD6}.Debug|x86.ActiveCfg = Debug|Any CPU
		{D4691B37-8166-4F96-B002-31452AA42CD6}.LVDBUG|Any CPU.ActiveCfg = Release|Any CPU
		{D4691B37-8166-4F96-B002-31452AA42CD6}.LVDBUG|Any CPU.Build.0 = Release|Any CPU
		{D4691B37-8166-4F96-B002-31452AA42CD6}.LVDBUG|Mixed Platforms.ActiveCfg = Release|Any CPU
		{D4691B37-8166-4F96-B002-31452AA42CD6}.LVDBUG|Mixed Platforms.Build.0 = Release|Any CPU
		{D4691B37-8166-4F96-B002-31452AA42CD6}.LVDBUG|x64.ActiveCfg = Release|x64
		{D4691B37-8166-4F96-B002-31452AA42CD6}.LVDBUG|x64.Build.0 = Release|x64
		{D4691B37-8166-4F96-B002-31452AA42CD6}.LVDBUG|x86.ActiveCfg = Release|Any CPU
		{D4691B37-8166-4F96-B002-31452AA42CD6}.Release|Any CPU.ActiveCfg = Release|Any CPU
		{D4691B37-8166-4F96-B002-31452AA42CD6}.Release|Any CPU.Build.0 = Release|Any CPU
		{D4691B37-8166-4F96-B002-31452AA42CD6}.Release|Mixed Platforms.ActiveCfg = Release|Any CPU
		{D4691B37-8166-4F96-B002-31452AA42CD6}.Release|Mixed Platforms.Build.0 = Release|Any CPU
		{D4691B37-8166-4F96-B002-31452AA42CD6}.Release|x64.ActiveCfg = Release|x64
		{D4691B37-8166-4F96-B002-31452AA42CD6}.Release|x64.Build.0 = Release|x64
		{D4691B37-8166-4F96-B002-31452AA42CD6}.Release|x86.ActiveCfg = Release|Any CPU
		{D4691B37-8166-4F96-B002-31452AA42CD6}.Test - Release|Any CPU.ActiveCfg = Release|Any CPU
		{D4691B37-8166-4F96-B002-31452AA42CD6}.Test - Release|Any CPU.Build.0 = Release|Any CPU
		{D4691B37-8166-4F96-B002-31452AA42CD6}.Test - Release|Mixed Platforms.ActiveCfg = Release|Any CPU
		{D4691B37-8166-4F96-B002-31452AA42CD6}.Test - Release|Mixed Platforms.Build.0 = Release|Any CPU
		{D4691B37-8166-4F96-B002-31452AA42CD6}.Test - Release|x64.ActiveCfg = Release|x64
		{D4691B37-8166-4F96-B002-31452AA42CD6}.Test - Release|x64.Build.0 = Release|x64
		{D4691B37-8166-4F96-B002-31452AA42CD6}.Test - Release|x86.ActiveCfg = Release|Any CPU
		{A5E1EE4B-4A91-4767-BFA1-B0CFA1987D8A}.Debug|Any CPU.ActiveCfg = Debug|Any CPU
		{A5E1EE4B-4A91-4767-BFA1-B0CFA1987D8A}.Debug|Any CPU.Build.0 = Debug|Any CPU
		{A5E1EE4B-4A91-4767-BFA1-B0CFA1987D8A}.Debug|Mixed Platforms.ActiveCfg = Debug|Any CPU
		{A5E1EE4B-4A91-4767-BFA1-B0CFA1987D8A}.Debug|Mixed Platforms.Build.0 = Debug|Any CPU
		{A5E1EE4B-4A91-4767-BFA1-B0CFA1987D8A}.Debug|x64.ActiveCfg = Debug|x64
		{A5E1EE4B-4A91-4767-BFA1-B0CFA1987D8A}.Debug|x64.Build.0 = Debug|x64
		{A5E1EE4B-4A91-4767-BFA1-B0CFA1987D8A}.Debug|x86.ActiveCfg = Debug|Any CPU
		{A5E1EE4B-4A91-4767-BFA1-B0CFA1987D8A}.LVDBUG|Any CPU.ActiveCfg = Release|Any CPU
		{A5E1EE4B-4A91-4767-BFA1-B0CFA1987D8A}.LVDBUG|Any CPU.Build.0 = Release|Any CPU
		{A5E1EE4B-4A91-4767-BFA1-B0CFA1987D8A}.LVDBUG|Mixed Platforms.ActiveCfg = Release|Any CPU
		{A5E1EE4B-4A91-4767-BFA1-B0CFA1987D8A}.LVDBUG|Mixed Platforms.Build.0 = Release|Any CPU
		{A5E1EE4B-4A91-4767-BFA1-B0CFA1987D8A}.LVDBUG|x64.ActiveCfg = Release|x64
		{A5E1EE4B-4A91-4767-BFA1-B0CFA1987D8A}.LVDBUG|x64.Build.0 = Release|x64
		{A5E1EE4B-4A91-4767-BFA1-B0CFA1987D8A}.LVDBUG|x86.ActiveCfg = Release|Any CPU
		{A5E1EE4B-4A91-4767-BFA1-B0CFA1987D8A}.Release|Any CPU.ActiveCfg = Release|Any CPU
		{A5E1EE4B-4A91-4767-BFA1-B0CFA1987D8A}.Release|Any CPU.Build.0 = Release|Any CPU
		{A5E1EE4B-4A91-4767-BFA1-B0CFA1987D8A}.Release|Mixed Platforms.ActiveCfg = Release|Any CPU
		{A5E1EE4B-4A91-4767-BFA1-B0CFA1987D8A}.Release|Mixed Platforms.Build.0 = Release|Any CPU
		{A5E1EE4B-4A91-4767-BFA1-B0CFA1987D8A}.Release|x64.ActiveCfg = Release|x64
		{A5E1EE4B-4A91-4767-BFA1-B0CFA1987D8A}.Release|x64.Build.0 = Release|x64
		{A5E1EE4B-4A91-4767-BFA1-B0CFA1987D8A}.Release|x86.ActiveCfg = Release|Any CPU
		{A5E1EE4B-4A91-4767-BFA1-B0CFA1987D8A}.Test - Release|Any CPU.ActiveCfg = Release|Any CPU
		{A5E1EE4B-4A91-4767-BFA1-B0CFA1987D8A}.Test - Release|Any CPU.Build.0 = Release|Any CPU
		{A5E1EE4B-4A91-4767-BFA1-B0CFA1987D8A}.Test - Release|Mixed Platforms.ActiveCfg = Release|Any CPU
		{A5E1EE4B-4A91-4767-BFA1-B0CFA1987D8A}.Test - Release|Mixed Platforms.Build.0 = Release|Any CPU
		{A5E1EE4B-4A91-4767-BFA1-B0CFA1987D8A}.Test - Release|x64.ActiveCfg = Release|x64
		{A5E1EE4B-4A91-4767-BFA1-B0CFA1987D8A}.Test - Release|x64.Build.0 = Release|x64
		{A5E1EE4B-4A91-4767-BFA1-B0CFA1987D8A}.Test - Release|x86.ActiveCfg = Release|Any CPU
		{9433E79B-87FF-4D6D-A23F-EBCD78C9E38D}.Debug|Any CPU.ActiveCfg = Debug|Any CPU
		{9433E79B-87FF-4D6D-A23F-EBCD78C9E38D}.Debug|Any CPU.Build.0 = Debug|Any CPU
		{9433E79B-87FF-4D6D-A23F-EBCD78C9E38D}.Debug|Mixed Platforms.ActiveCfg = Debug|Any CPU
		{9433E79B-87FF-4D6D-A23F-EBCD78C9E38D}.Debug|Mixed Platforms.Build.0 = Debug|Any CPU
		{9433E79B-87FF-4D6D-A23F-EBCD78C9E38D}.Debug|x64.ActiveCfg = Debug|x64
		{9433E79B-87FF-4D6D-A23F-EBCD78C9E38D}.Debug|x64.Build.0 = Debug|x64
		{9433E79B-87FF-4D6D-A23F-EBCD78C9E38D}.Debug|x86.ActiveCfg = Debug|Any CPU
		{9433E79B-87FF-4D6D-A23F-EBCD78C9E38D}.LVDBUG|Any CPU.ActiveCfg = Release|Any CPU
		{9433E79B-87FF-4D6D-A23F-EBCD78C9E38D}.LVDBUG|Any CPU.Build.0 = Release|Any CPU
		{9433E79B-87FF-4D6D-A23F-EBCD78C9E38D}.LVDBUG|Mixed Platforms.ActiveCfg = Release|Any CPU
		{9433E79B-87FF-4D6D-A23F-EBCD78C9E38D}.LVDBUG|Mixed Platforms.Build.0 = Release|Any CPU
		{9433E79B-87FF-4D6D-A23F-EBCD78C9E38D}.LVDBUG|x64.ActiveCfg = Release|x64
		{9433E79B-87FF-4D6D-A23F-EBCD78C9E38D}.LVDBUG|x64.Build.0 = Release|x64
		{9433E79B-87FF-4D6D-A23F-EBCD78C9E38D}.LVDBUG|x86.ActiveCfg = Release|Any CPU
		{9433E79B-87FF-4D6D-A23F-EBCD78C9E38D}.Release|Any CPU.ActiveCfg = Release|Any CPU
		{9433E79B-87FF-4D6D-A23F-EBCD78C9E38D}.Release|Any CPU.Build.0 = Release|Any CPU
		{9433E79B-87FF-4D6D-A23F-EBCD78C9E38D}.Release|Mixed Platforms.ActiveCfg = Release|Any CPU
		{9433E79B-87FF-4D6D-A23F-EBCD78C9E38D}.Release|Mixed Platforms.Build.0 = Release|Any CPU
		{9433E79B-87FF-4D6D-A23F-EBCD78C9E38D}.Release|x64.ActiveCfg = Release|x64
		{9433E79B-87FF-4D6D-A23F-EBCD78C9E38D}.Release|x64.Build.0 = Release|x64
		{9433E79B-87FF-4D6D-A23F-EBCD78C9E38D}.Release|x86.ActiveCfg = Release|Any CPU
		{9433E79B-87FF-4D6D-A23F-EBCD78C9E38D}.Test - Release|Any CPU.ActiveCfg = Release|Any CPU
		{9433E79B-87FF-4D6D-A23F-EBCD78C9E38D}.Test - Release|Any CPU.Build.0 = Release|Any CPU
		{9433E79B-87FF-4D6D-A23F-EBCD78C9E38D}.Test - Release|Mixed Platforms.ActiveCfg = Release|Any CPU
		{9433E79B-87FF-4D6D-A23F-EBCD78C9E38D}.Test - Release|Mixed Platforms.Build.0 = Release|Any CPU
		{9433E79B-87FF-4D6D-A23F-EBCD78C9E38D}.Test - Release|x64.ActiveCfg = Release|x64
		{9433E79B-87FF-4D6D-A23F-EBCD78C9E38D}.Test - Release|x64.Build.0 = Release|x64
		{9433E79B-87FF-4D6D-A23F-EBCD78C9E38D}.Test - Release|x86.ActiveCfg = Release|Any CPU
		{E65245E1-CCB2-4EC5-8D79-E2DB8671EB94}.Debug|Any CPU.ActiveCfg = Debug|Any CPU
		{E65245E1-CCB2-4EC5-8D79-E2DB8671EB94}.Debug|Any CPU.Build.0 = Debug|Any CPU
		{E65245E1-CCB2-4EC5-8D79-E2DB8671EB94}.Debug|Mixed Platforms.ActiveCfg = Debug|Any CPU
		{E65245E1-CCB2-4EC5-8D79-E2DB8671EB94}.Debug|Mixed Platforms.Build.0 = Debug|Any CPU
		{E65245E1-CCB2-4EC5-8D79-E2DB8671EB94}.Debug|x64.ActiveCfg = Debug|x64
		{E65245E1-CCB2-4EC5-8D79-E2DB8671EB94}.Debug|x64.Build.0 = Debug|x64
		{E65245E1-CCB2-4EC5-8D79-E2DB8671EB94}.Debug|x86.ActiveCfg = Debug|Any CPU
		{E65245E1-CCB2-4EC5-8D79-E2DB8671EB94}.LVDBUG|Any CPU.ActiveCfg = Release|Any CPU
		{E65245E1-CCB2-4EC5-8D79-E2DB8671EB94}.LVDBUG|Any CPU.Build.0 = Release|Any CPU
		{E65245E1-CCB2-4EC5-8D79-E2DB8671EB94}.LVDBUG|Mixed Platforms.ActiveCfg = Release|Any CPU
		{E65245E1-CCB2-4EC5-8D79-E2DB8671EB94}.LVDBUG|Mixed Platforms.Build.0 = Release|Any CPU
		{E65245E1-CCB2-4EC5-8D79-E2DB8671EB94}.LVDBUG|x64.ActiveCfg = Release|x64
		{E65245E1-CCB2-4EC5-8D79-E2DB8671EB94}.LVDBUG|x64.Build.0 = Release|x64
		{E65245E1-CCB2-4EC5-8D79-E2DB8671EB94}.LVDBUG|x86.ActiveCfg = Release|Any CPU
		{E65245E1-CCB2-4EC5-8D79-E2DB8671EB94}.Release|Any CPU.ActiveCfg = Release|Any CPU
		{E65245E1-CCB2-4EC5-8D79-E2DB8671EB94}.Release|Any CPU.Build.0 = Release|Any CPU
		{E65245E1-CCB2-4EC5-8D79-E2DB8671EB94}.Release|Mixed Platforms.ActiveCfg = Release|Any CPU
		{E65245E1-CCB2-4EC5-8D79-E2DB8671EB94}.Release|Mixed Platforms.Build.0 = Release|Any CPU
		{E65245E1-CCB2-4EC5-8D79-E2DB8671EB94}.Release|x64.ActiveCfg = Release|x64
		{E65245E1-CCB2-4EC5-8D79-E2DB8671EB94}.Release|x64.Build.0 = Release|x64
		{E65245E1-CCB2-4EC5-8D79-E2DB8671EB94}.Release|x86.ActiveCfg = Release|Any CPU
		{E65245E1-CCB2-4EC5-8D79-E2DB8671EB94}.Test - Release|Any CPU.ActiveCfg = Release|Any CPU
		{E65245E1-CCB2-4EC5-8D79-E2DB8671EB94}.Test - Release|Any CPU.Build.0 = Release|Any CPU
		{E65245E1-CCB2-4EC5-8D79-E2DB8671EB94}.Test - Release|Mixed Platforms.ActiveCfg = Release|Any CPU
		{E65245E1-CCB2-4EC5-8D79-E2DB8671EB94}.Test - Release|Mixed Platforms.Build.0 = Release|Any CPU
		{E65245E1-CCB2-4EC5-8D79-E2DB8671EB94}.Test - Release|x64.ActiveCfg = Release|x64
		{E65245E1-CCB2-4EC5-8D79-E2DB8671EB94}.Test - Release|x64.Build.0 = Release|x64
		{E65245E1-CCB2-4EC5-8D79-E2DB8671EB94}.Test - Release|x86.ActiveCfg = Release|Any CPU
		{AC91D752-EB00-4431-9AE9-126808038688}.Debug|Any CPU.ActiveCfg = Debug|Any CPU
		{AC91D752-EB00-4431-9AE9-126808038688}.Debug|Any CPU.Build.0 = Debug|Any CPU
		{AC91D752-EB00-4431-9AE9-126808038688}.Debug|Mixed Platforms.ActiveCfg = Debug|Any CPU
		{AC91D752-EB00-4431-9AE9-126808038688}.Debug|Mixed Platforms.Build.0 = Debug|Any CPU
		{AC91D752-EB00-4431-9AE9-126808038688}.Debug|x64.ActiveCfg = Debug|x64
		{AC91D752-EB00-4431-9AE9-126808038688}.Debug|x64.Build.0 = Debug|x64
		{AC91D752-EB00-4431-9AE9-126808038688}.Debug|x86.ActiveCfg = Debug|Any CPU
		{AC91D752-EB00-4431-9AE9-126808038688}.LVDBUG|Any CPU.ActiveCfg = Release|Any CPU
		{AC91D752-EB00-4431-9AE9-126808038688}.LVDBUG|Any CPU.Build.0 = Release|Any CPU
		{AC91D752-EB00-4431-9AE9-126808038688}.LVDBUG|Mixed Platforms.ActiveCfg = Release|Any CPU
		{AC91D752-EB00-4431-9AE9-126808038688}.LVDBUG|Mixed Platforms.Build.0 = Release|Any CPU
		{AC91D752-EB00-4431-9AE9-126808038688}.LVDBUG|x64.ActiveCfg = Release|x64
		{AC91D752-EB00-4431-9AE9-126808038688}.LVDBUG|x64.Build.0 = Release|x64
		{AC91D752-EB00-4431-9AE9-126808038688}.LVDBUG|x86.ActiveCfg = Release|Any CPU
		{AC91D752-EB00-4431-9AE9-126808038688}.Release|Any CPU.ActiveCfg = Release|Any CPU
		{AC91D752-EB00-4431-9AE9-126808038688}.Release|Any CPU.Build.0 = Release|Any CPU
		{AC91D752-EB00-4431-9AE9-126808038688}.Release|Mixed Platforms.ActiveCfg = Release|Any CPU
		{AC91D752-EB00-4431-9AE9-126808038688}.Release|Mixed Platforms.Build.0 = Release|Any CPU
		{AC91D752-EB00-4431-9AE9-126808038688}.Release|x64.ActiveCfg = Release|x64
		{AC91D752-EB00-4431-9AE9-126808038688}.Release|x64.Build.0 = Release|x64
		{AC91D752-EB00-4431-9AE9-126808038688}.Release|x86.ActiveCfg = Release|Any CPU
		{AC91D752-EB00-4431-9AE9-126808038688}.Test - Release|Any CPU.ActiveCfg = Release|Any CPU
		{AC91D752-EB00-4431-9AE9-126808038688}.Test - Release|Any CPU.Build.0 = Release|Any CPU
		{AC91D752-EB00-4431-9AE9-126808038688}.Test - Release|Mixed Platforms.ActiveCfg = Release|Any CPU
		{AC91D752-EB00-4431-9AE9-126808038688}.Test - Release|Mixed Platforms.Build.0 = Release|Any CPU
		{AC91D752-EB00-4431-9AE9-126808038688}.Test - Release|x64.ActiveCfg = Release|x64
		{AC91D752-EB00-4431-9AE9-126808038688}.Test - Release|x64.Build.0 = Release|x64
		{AC91D752-EB00-4431-9AE9-126808038688}.Test - Release|x86.ActiveCfg = Release|Any CPU
		{D4DE0DC5-1366-4C91-B4E9-89E18F28588A}.Debug|Any CPU.ActiveCfg = Debug|Any CPU
		{D4DE0DC5-1366-4C91-B4E9-89E18F28588A}.Debug|Any CPU.Build.0 = Debug|Any CPU
		{D4DE0DC5-1366-4C91-B4E9-89E18F28588A}.Debug|Mixed Platforms.ActiveCfg = Debug|Any CPU
		{D4DE0DC5-1366-4C91-B4E9-89E18F28588A}.Debug|Mixed Platforms.Build.0 = Debug|Any CPU
		{D4DE0DC5-1366-4C91-B4E9-89E18F28588A}.Debug|x64.ActiveCfg = Debug|x64
		{D4DE0DC5-1366-4C91-B4E9-89E18F28588A}.Debug|x64.Build.0 = Debug|x64
		{D4DE0DC5-1366-4C91-B4E9-89E18F28588A}.Debug|x86.ActiveCfg = Debug|Any CPU
		{D4DE0DC5-1366-4C91-B4E9-89E18F28588A}.LVDBUG|Any CPU.ActiveCfg = Release|Any CPU
		{D4DE0DC5-1366-4C91-B4E9-89E18F28588A}.LVDBUG|Any CPU.Build.0 = Release|Any CPU
		{D4DE0DC5-1366-4C91-B4E9-89E18F28588A}.LVDBUG|Mixed Platforms.ActiveCfg = Release|Any CPU
		{D4DE0DC5-1366-4C91-B4E9-89E18F28588A}.LVDBUG|Mixed Platforms.Build.0 = Release|Any CPU
		{D4DE0DC5-1366-4C91-B4E9-89E18F28588A}.LVDBUG|x64.ActiveCfg = Release|x64
		{D4DE0DC5-1366-4C91-B4E9-89E18F28588A}.LVDBUG|x64.Build.0 = Release|x64
		{D4DE0DC5-1366-4C91-B4E9-89E18F28588A}.LVDBUG|x86.ActiveCfg = Release|Any CPU
		{D4DE0DC5-1366-4C91-B4E9-89E18F28588A}.Release|Any CPU.ActiveCfg = Release|Any CPU
		{D4DE0DC5-1366-4C91-B4E9-89E18F28588A}.Release|Any CPU.Build.0 = Release|Any CPU
		{D4DE0DC5-1366-4C91-B4E9-89E18F28588A}.Release|Mixed Platforms.ActiveCfg = Release|Any CPU
		{D4DE0DC5-1366-4C91-B4E9-89E18F28588A}.Release|Mixed Platforms.Build.0 = Release|Any CPU
		{D4DE0DC5-1366-4C91-B4E9-89E18F28588A}.Release|x64.ActiveCfg = Release|x64
		{D4DE0DC5-1366-4C91-B4E9-89E18F28588A}.Release|x64.Build.0 = Release|x64
		{D4DE0DC5-1366-4C91-B4E9-89E18F28588A}.Release|x86.ActiveCfg = Release|Any CPU
		{D4DE0DC5-1366-4C91-B4E9-89E18F28588A}.Test - Release|Any CPU.ActiveCfg = Release|Any CPU
		{D4DE0DC5-1366-4C91-B4E9-89E18F28588A}.Test - Release|Any CPU.Build.0 = Release|Any CPU
		{D4DE0DC5-1366-4C91-B4E9-89E18F28588A}.Test - Release|Mixed Platforms.ActiveCfg = Release|Any CPU
		{D4DE0DC5-1366-4C91-B4E9-89E18F28588A}.Test - Release|Mixed Platforms.Build.0 = Release|Any CPU
		{D4DE0DC5-1366-4C91-B4E9-89E18F28588A}.Test - Release|x64.ActiveCfg = Release|x64
		{D4DE0DC5-1366-4C91-B4E9-89E18F28588A}.Test - Release|x64.Build.0 = Release|x64
		{D4DE0DC5-1366-4C91-B4E9-89E18F28588A}.Test - Release|x86.ActiveCfg = Release|Any CPU
		{016D145A-8173-468A-963D-D3D92D9EC27D}.Debug|Any CPU.ActiveCfg = Debug|Any CPU
		{016D145A-8173-468A-963D-D3D92D9EC27D}.Debug|Any CPU.Build.0 = Debug|Any CPU
		{016D145A-8173-468A-963D-D3D92D9EC27D}.Debug|Mixed Platforms.ActiveCfg = Debug|Any CPU
		{016D145A-8173-468A-963D-D3D92D9EC27D}.Debug|Mixed Platforms.Build.0 = Debug|Any CPU
		{016D145A-8173-468A-963D-D3D92D9EC27D}.Debug|x64.ActiveCfg = Debug|x64
		{016D145A-8173-468A-963D-D3D92D9EC27D}.Debug|x64.Build.0 = Debug|x64
		{016D145A-8173-468A-963D-D3D92D9EC27D}.Debug|x86.ActiveCfg = Debug|Any CPU
		{016D145A-8173-468A-963D-D3D92D9EC27D}.LVDBUG|Any CPU.ActiveCfg = Release|Any CPU
		{016D145A-8173-468A-963D-D3D92D9EC27D}.LVDBUG|Any CPU.Build.0 = Release|Any CPU
		{016D145A-8173-468A-963D-D3D92D9EC27D}.LVDBUG|Mixed Platforms.ActiveCfg = Release|Any CPU
		{016D145A-8173-468A-963D-D3D92D9EC27D}.LVDBUG|Mixed Platforms.Build.0 = Release|Any CPU
		{016D145A-8173-468A-963D-D3D92D9EC27D}.LVDBUG|x64.ActiveCfg = Release|x64
		{016D145A-8173-468A-963D-D3D92D9EC27D}.LVDBUG|x64.Build.0 = Release|x64
		{016D145A-8173-468A-963D-D3D92D9EC27D}.LVDBUG|x86.ActiveCfg = Release|Any CPU
		{016D145A-8173-468A-963D-D3D92D9EC27D}.Release|Any CPU.ActiveCfg = Release|Any CPU
		{016D145A-8173-468A-963D-D3D92D9EC27D}.Release|Any CPU.Build.0 = Release|Any CPU
		{016D145A-8173-468A-963D-D3D92D9EC27D}.Release|Mixed Platforms.ActiveCfg = Release|Any CPU
		{016D145A-8173-468A-963D-D3D92D9EC27D}.Release|Mixed Platforms.Build.0 = Release|Any CPU
		{016D145A-8173-468A-963D-D3D92D9EC27D}.Release|x64.ActiveCfg = Release|x64
		{016D145A-8173-468A-963D-D3D92D9EC27D}.Release|x64.Build.0 = Release|x64
		{016D145A-8173-468A-963D-D3D92D9EC27D}.Release|x86.ActiveCfg = Release|Any CPU
		{016D145A-8173-468A-963D-D3D92D9EC27D}.Test - Release|Any CPU.ActiveCfg = Release|Any CPU
		{016D145A-8173-468A-963D-D3D92D9EC27D}.Test - Release|Any CPU.Build.0 = Release|Any CPU
		{016D145A-8173-468A-963D-D3D92D9EC27D}.Test - Release|Mixed Platforms.ActiveCfg = Release|Any CPU
		{016D145A-8173-468A-963D-D3D92D9EC27D}.Test - Release|Mixed Platforms.Build.0 = Release|Any CPU
		{016D145A-8173-468A-963D-D3D92D9EC27D}.Test - Release|x64.ActiveCfg = Release|x64
		{016D145A-8173-468A-963D-D3D92D9EC27D}.Test - Release|x64.Build.0 = Release|x64
		{016D145A-8173-468A-963D-D3D92D9EC27D}.Test - Release|x86.ActiveCfg = Release|Any CPU
		{44CF21A8-30D0-4003-AC44-3DF89AA304F1}.Debug|Any CPU.ActiveCfg = Debug|Any CPU
		{44CF21A8-30D0-4003-AC44-3DF89AA304F1}.Debug|Any CPU.Build.0 = Debug|Any CPU
		{44CF21A8-30D0-4003-AC44-3DF89AA304F1}.Debug|Mixed Platforms.ActiveCfg = Debug|Any CPU
		{44CF21A8-30D0-4003-AC44-3DF89AA304F1}.Debug|Mixed Platforms.Build.0 = Debug|Any CPU
		{44CF21A8-30D0-4003-AC44-3DF89AA304F1}.Debug|x64.ActiveCfg = Debug|x64
		{44CF21A8-30D0-4003-AC44-3DF89AA304F1}.Debug|x64.Build.0 = Debug|x64
		{44CF21A8-30D0-4003-AC44-3DF89AA304F1}.Debug|x86.ActiveCfg = Debug|Any CPU
		{44CF21A8-30D0-4003-AC44-3DF89AA304F1}.LVDBUG|Any CPU.ActiveCfg = Release|Any CPU
		{44CF21A8-30D0-4003-AC44-3DF89AA304F1}.LVDBUG|Any CPU.Build.0 = Release|Any CPU
		{44CF21A8-30D0-4003-AC44-3DF89AA304F1}.LVDBUG|Mixed Platforms.ActiveCfg = Release|Any CPU
		{44CF21A8-30D0-4003-AC44-3DF89AA304F1}.LVDBUG|Mixed Platforms.Build.0 = Release|Any CPU
		{44CF21A8-30D0-4003-AC44-3DF89AA304F1}.LVDBUG|x64.ActiveCfg = Release|x64
		{44CF21A8-30D0-4003-AC44-3DF89AA304F1}.LVDBUG|x64.Build.0 = Release|x64
		{44CF21A8-30D0-4003-AC44-3DF89AA304F1}.LVDBUG|x86.ActiveCfg = Release|Any CPU
		{44CF21A8-30D0-4003-AC44-3DF89AA304F1}.Release|Any CPU.ActiveCfg = Release|Any CPU
		{44CF21A8-30D0-4003-AC44-3DF89AA304F1}.Release|Any CPU.Build.0 = Release|Any CPU
		{44CF21A8-30D0-4003-AC44-3DF89AA304F1}.Release|Mixed Platforms.ActiveCfg = Release|Any CPU
		{44CF21A8-30D0-4003-AC44-3DF89AA304F1}.Release|Mixed Platforms.Build.0 = Release|Any CPU
		{44CF21A8-30D0-4003-AC44-3DF89AA304F1}.Release|x64.ActiveCfg = Release|x64
		{44CF21A8-30D0-4003-AC44-3DF89AA304F1}.Release|x64.Build.0 = Release|x64
		{44CF21A8-30D0-4003-AC44-3DF89AA304F1}.Release|x86.ActiveCfg = Release|Any CPU
		{44CF21A8-30D0-4003-AC44-3DF89AA304F1}.Test - Release|Any CPU.ActiveCfg = Release|Any CPU
		{44CF21A8-30D0-4003-AC44-3DF89AA304F1}.Test - Release|Any CPU.Build.0 = Release|Any CPU
		{44CF21A8-30D0-4003-AC44-3DF89AA304F1}.Test - Release|Mixed Platforms.ActiveCfg = Release|Any CPU
		{44CF21A8-30D0-4003-AC44-3DF89AA304F1}.Test - Release|Mixed Platforms.Build.0 = Release|Any CPU
		{44CF21A8-30D0-4003-AC44-3DF89AA304F1}.Test - Release|x64.ActiveCfg = Release|x64
		{44CF21A8-30D0-4003-AC44-3DF89AA304F1}.Test - Release|x64.Build.0 = Release|x64
		{44CF21A8-30D0-4003-AC44-3DF89AA304F1}.Test - Release|x86.ActiveCfg = Release|Any CPU
		{2FD1B548-A69E-4708-87AC-378A13601082}.Debug|Any CPU.ActiveCfg = Debug|Any CPU
		{2FD1B548-A69E-4708-87AC-378A13601082}.Debug|Any CPU.Build.0 = Debug|Any CPU
		{2FD1B548-A69E-4708-87AC-378A13601082}.Debug|Mixed Platforms.ActiveCfg = Debug|Any CPU
		{2FD1B548-A69E-4708-87AC-378A13601082}.Debug|Mixed Platforms.Build.0 = Debug|Any CPU
		{2FD1B548-A69E-4708-87AC-378A13601082}.Debug|x64.ActiveCfg = Debug|x64
		{2FD1B548-A69E-4708-87AC-378A13601082}.Debug|x64.Build.0 = Debug|x64
		{2FD1B548-A69E-4708-87AC-378A13601082}.Debug|x86.ActiveCfg = Debug|Any CPU
		{2FD1B548-A69E-4708-87AC-378A13601082}.LVDBUG|Any CPU.ActiveCfg = Release|Any CPU
		{2FD1B548-A69E-4708-87AC-378A13601082}.LVDBUG|Any CPU.Build.0 = Release|Any CPU
		{2FD1B548-A69E-4708-87AC-378A13601082}.LVDBUG|Mixed Platforms.ActiveCfg = Release|Any CPU
		{2FD1B548-A69E-4708-87AC-378A13601082}.LVDBUG|Mixed Platforms.Build.0 = Release|Any CPU
		{2FD1B548-A69E-4708-87AC-378A13601082}.LVDBUG|x64.ActiveCfg = Release|x64
		{2FD1B548-A69E-4708-87AC-378A13601082}.LVDBUG|x64.Build.0 = Release|x64
		{2FD1B548-A69E-4708-87AC-378A13601082}.LVDBUG|x86.ActiveCfg = Release|Any CPU
		{2FD1B548-A69E-4708-87AC-378A13601082}.Release|Any CPU.ActiveCfg = Release|Any CPU
		{2FD1B548-A69E-4708-87AC-378A13601082}.Release|Any CPU.Build.0 = Release|Any CPU
		{2FD1B548-A69E-4708-87AC-378A13601082}.Release|Mixed Platforms.ActiveCfg = Release|Any CPU
		{2FD1B548-A69E-4708-87AC-378A13601082}.Release|Mixed Platforms.Build.0 = Release|Any CPU
		{2FD1B548-A69E-4708-87AC-378A13601082}.Release|x64.ActiveCfg = Release|x64
		{2FD1B548-A69E-4708-87AC-378A13601082}.Release|x64.Build.0 = Release|x64
		{2FD1B548-A69E-4708-87AC-378A13601082}.Release|x86.ActiveCfg = Release|Any CPU
		{2FD1B548-A69E-4708-87AC-378A13601082}.Test - Release|Any CPU.ActiveCfg = Release|Any CPU
		{2FD1B548-A69E-4708-87AC-378A13601082}.Test - Release|Any CPU.Build.0 = Release|Any CPU
		{2FD1B548-A69E-4708-87AC-378A13601082}.Test - Release|Mixed Platforms.ActiveCfg = Release|Any CPU
		{2FD1B548-A69E-4708-87AC-378A13601082}.Test - Release|Mixed Platforms.Build.0 = Release|Any CPU
		{2FD1B548-A69E-4708-87AC-378A13601082}.Test - Release|x64.ActiveCfg = Release|x64
		{2FD1B548-A69E-4708-87AC-378A13601082}.Test - Release|x64.Build.0 = Release|x64
		{2FD1B548-A69E-4708-87AC-378A13601082}.Test - Release|x86.ActiveCfg = Release|Any CPU
		{6F3746CF-D9D4-48DE-BF05-539A0363660D}.Debug|Any CPU.ActiveCfg = Debug|Any CPU
		{6F3746CF-D9D4-48DE-BF05-539A0363660D}.Debug|Any CPU.Build.0 = Debug|Any CPU
		{6F3746CF-D9D4-48DE-BF05-539A0363660D}.Debug|Mixed Platforms.ActiveCfg = Debug|Any CPU
		{6F3746CF-D9D4-48DE-BF05-539A0363660D}.Debug|Mixed Platforms.Build.0 = Debug|Any CPU
		{6F3746CF-D9D4-48DE-BF05-539A0363660D}.Debug|x64.ActiveCfg = Debug|x64
		{6F3746CF-D9D4-48DE-BF05-539A0363660D}.Debug|x64.Build.0 = Debug|x64
		{6F3746CF-D9D4-48DE-BF05-539A0363660D}.Debug|x86.ActiveCfg = Debug|Any CPU
		{6F3746CF-D9D4-48DE-BF05-539A0363660D}.LVDBUG|Any CPU.ActiveCfg = Release|Any CPU
		{6F3746CF-D9D4-48DE-BF05-539A0363660D}.LVDBUG|Any CPU.Build.0 = Release|Any CPU
		{6F3746CF-D9D4-48DE-BF05-539A0363660D}.LVDBUG|Mixed Platforms.ActiveCfg = Release|Any CPU
		{6F3746CF-D9D4-48DE-BF05-539A0363660D}.LVDBUG|Mixed Platforms.Build.0 = Release|Any CPU
		{6F3746CF-D9D4-48DE-BF05-539A0363660D}.LVDBUG|x64.ActiveCfg = Release|x64
		{6F3746CF-D9D4-48DE-BF05-539A0363660D}.LVDBUG|x64.Build.0 = Release|x64
		{6F3746CF-D9D4-48DE-BF05-539A0363660D}.LVDBUG|x86.ActiveCfg = Release|Any CPU
		{6F3746CF-D9D4-48DE-BF05-539A0363660D}.Release|Any CPU.ActiveCfg = Release|Any CPU
		{6F3746CF-D9D4-48DE-BF05-539A0363660D}.Release|Any CPU.Build.0 = Release|Any CPU
		{6F3746CF-D9D4-48DE-BF05-539A0363660D}.Release|Mixed Platforms.ActiveCfg = Release|Any CPU
		{6F3746CF-D9D4-48DE-BF05-539A0363660D}.Release|Mixed Platforms.Build.0 = Release|Any CPU
		{6F3746CF-D9D4-48DE-BF05-539A0363660D}.Release|x64.ActiveCfg = Release|x64
		{6F3746CF-D9D4-48DE-BF05-539A0363660D}.Release|x64.Build.0 = Release|x64
		{6F3746CF-D9D4-48DE-BF05-539A0363660D}.Release|x86.ActiveCfg = Release|Any CPU
		{6F3746CF-D9D4-48DE-BF05-539A0363660D}.Test - Release|Any CPU.ActiveCfg = Release|Any CPU
		{6F3746CF-D9D4-48DE-BF05-539A0363660D}.Test - Release|Any CPU.Build.0 = Release|Any CPU
		{6F3746CF-D9D4-48DE-BF05-539A0363660D}.Test - Release|Mixed Platforms.ActiveCfg = Release|Any CPU
		{6F3746CF-D9D4-48DE-BF05-539A0363660D}.Test - Release|Mixed Platforms.Build.0 = Release|Any CPU
		{6F3746CF-D9D4-48DE-BF05-539A0363660D}.Test - Release|x64.ActiveCfg = Release|x64
		{6F3746CF-D9D4-48DE-BF05-539A0363660D}.Test - Release|x64.Build.0 = Release|x64
		{6F3746CF-D9D4-48DE-BF05-539A0363660D}.Test - Release|x86.ActiveCfg = Release|Any CPU
		{4552A1DE-96B4-4AEF-9FF6-AE4854EE7CAA}.Debug|Any CPU.ActiveCfg = Debug|Any CPU
		{4552A1DE-96B4-4AEF-9FF6-AE4854EE7CAA}.Debug|Any CPU.Build.0 = Debug|Any CPU
		{4552A1DE-96B4-4AEF-9FF6-AE4854EE7CAA}.Debug|Mixed Platforms.ActiveCfg = Debug|Any CPU
		{4552A1DE-96B4-4AEF-9FF6-AE4854EE7CAA}.Debug|Mixed Platforms.Build.0 = Debug|Any CPU
		{4552A1DE-96B4-4AEF-9FF6-AE4854EE7CAA}.Debug|x64.ActiveCfg = Debug|x64
		{4552A1DE-96B4-4AEF-9FF6-AE4854EE7CAA}.Debug|x64.Build.0 = Debug|x64
		{4552A1DE-96B4-4AEF-9FF6-AE4854EE7CAA}.Debug|x86.ActiveCfg = Debug|Any CPU
		{4552A1DE-96B4-4AEF-9FF6-AE4854EE7CAA}.LVDBUG|Any CPU.ActiveCfg = Release|Any CPU
		{4552A1DE-96B4-4AEF-9FF6-AE4854EE7CAA}.LVDBUG|Any CPU.Build.0 = Release|Any CPU
		{4552A1DE-96B4-4AEF-9FF6-AE4854EE7CAA}.LVDBUG|Mixed Platforms.ActiveCfg = Release|Any CPU
		{4552A1DE-96B4-4AEF-9FF6-AE4854EE7CAA}.LVDBUG|Mixed Platforms.Build.0 = Release|Any CPU
		{4552A1DE-96B4-4AEF-9FF6-AE4854EE7CAA}.LVDBUG|x64.ActiveCfg = Release|x64
		{4552A1DE-96B4-4AEF-9FF6-AE4854EE7CAA}.LVDBUG|x64.Build.0 = Release|x64
		{4552A1DE-96B4-4AEF-9FF6-AE4854EE7CAA}.LVDBUG|x86.ActiveCfg = Release|Any CPU
		{4552A1DE-96B4-4AEF-9FF6-AE4854EE7CAA}.Release|Any CPU.ActiveCfg = Release|Any CPU
		{4552A1DE-96B4-4AEF-9FF6-AE4854EE7CAA}.Release|Any CPU.Build.0 = Release|Any CPU
		{4552A1DE-96B4-4AEF-9FF6-AE4854EE7CAA}.Release|Mixed Platforms.ActiveCfg = Release|Any CPU
		{4552A1DE-96B4-4AEF-9FF6-AE4854EE7CAA}.Release|Mixed Platforms.Build.0 = Release|Any CPU
		{4552A1DE-96B4-4AEF-9FF6-AE4854EE7CAA}.Release|x64.ActiveCfg = Release|x64
		{4552A1DE-96B4-4AEF-9FF6-AE4854EE7CAA}.Release|x64.Build.0 = Release|x64
		{4552A1DE-96B4-4AEF-9FF6-AE4854EE7CAA}.Release|x86.ActiveCfg = Release|Any CPU
		{4552A1DE-96B4-4AEF-9FF6-AE4854EE7CAA}.Test - Release|Any CPU.ActiveCfg = Release|Any CPU
		{4552A1DE-96B4-4AEF-9FF6-AE4854EE7CAA}.Test - Release|Any CPU.Build.0 = Release|Any CPU
		{4552A1DE-96B4-4AEF-9FF6-AE4854EE7CAA}.Test - Release|Mixed Platforms.ActiveCfg = Release|Any CPU
		{4552A1DE-96B4-4AEF-9FF6-AE4854EE7CAA}.Test - Release|Mixed Platforms.Build.0 = Release|Any CPU
		{4552A1DE-96B4-4AEF-9FF6-AE4854EE7CAA}.Test - Release|x64.ActiveCfg = Release|x64
		{4552A1DE-96B4-4AEF-9FF6-AE4854EE7CAA}.Test - Release|x64.Build.0 = Release|x64
		{4552A1DE-96B4-4AEF-9FF6-AE4854EE7CAA}.Test - Release|x86.ActiveCfg = Release|Any CPU
		{ABB22C98-A2E0-47D1-9E98-4B11831E8B5C}.Debug|Any CPU.ActiveCfg = Debug|Any CPU
		{ABB22C98-A2E0-47D1-9E98-4B11831E8B5C}.Debug|Any CPU.Build.0 = Debug|Any CPU
		{ABB22C98-A2E0-47D1-9E98-4B11831E8B5C}.Debug|Mixed Platforms.ActiveCfg = Debug|Any CPU
		{ABB22C98-A2E0-47D1-9E98-4B11831E8B5C}.Debug|Mixed Platforms.Build.0 = Debug|Any CPU
		{ABB22C98-A2E0-47D1-9E98-4B11831E8B5C}.Debug|x64.ActiveCfg = Debug|x64
		{ABB22C98-A2E0-47D1-9E98-4B11831E8B5C}.Debug|x64.Build.0 = Debug|x64
		{ABB22C98-A2E0-47D1-9E98-4B11831E8B5C}.Debug|x86.ActiveCfg = Debug|Any CPU
		{ABB22C98-A2E0-47D1-9E98-4B11831E8B5C}.LVDBUG|Any CPU.ActiveCfg = Release|Any CPU
		{ABB22C98-A2E0-47D1-9E98-4B11831E8B5C}.LVDBUG|Any CPU.Build.0 = Release|Any CPU
		{ABB22C98-A2E0-47D1-9E98-4B11831E8B5C}.LVDBUG|Mixed Platforms.ActiveCfg = Release|Any CPU
		{ABB22C98-A2E0-47D1-9E98-4B11831E8B5C}.LVDBUG|Mixed Platforms.Build.0 = Release|Any CPU
		{ABB22C98-A2E0-47D1-9E98-4B11831E8B5C}.LVDBUG|x64.ActiveCfg = Release|x64
		{ABB22C98-A2E0-47D1-9E98-4B11831E8B5C}.LVDBUG|x64.Build.0 = Release|x64
		{ABB22C98-A2E0-47D1-9E98-4B11831E8B5C}.LVDBUG|x86.ActiveCfg = Release|Any CPU
		{ABB22C98-A2E0-47D1-9E98-4B11831E8B5C}.Release|Any CPU.ActiveCfg = Release|Any CPU
		{ABB22C98-A2E0-47D1-9E98-4B11831E8B5C}.Release|Any CPU.Build.0 = Release|Any CPU
		{ABB22C98-A2E0-47D1-9E98-4B11831E8B5C}.Release|Mixed Platforms.ActiveCfg = Release|Any CPU
		{ABB22C98-A2E0-47D1-9E98-4B11831E8B5C}.Release|Mixed Platforms.Build.0 = Release|Any CPU
		{ABB22C98-A2E0-47D1-9E98-4B11831E8B5C}.Release|x64.ActiveCfg = Release|x64
		{ABB22C98-A2E0-47D1-9E98-4B11831E8B5C}.Release|x64.Build.0 = Release|x64
		{ABB22C98-A2E0-47D1-9E98-4B11831E8B5C}.Release|x86.ActiveCfg = Release|Any CPU
		{ABB22C98-A2E0-47D1-9E98-4B11831E8B5C}.Test - Release|Any CPU.ActiveCfg = Release|Any CPU
		{ABB22C98-A2E0-47D1-9E98-4B11831E8B5C}.Test - Release|Any CPU.Build.0 = Release|Any CPU
		{ABB22C98-A2E0-47D1-9E98-4B11831E8B5C}.Test - Release|Mixed Platforms.ActiveCfg = Release|Any CPU
		{ABB22C98-A2E0-47D1-9E98-4B11831E8B5C}.Test - Release|Mixed Platforms.Build.0 = Release|Any CPU
		{ABB22C98-A2E0-47D1-9E98-4B11831E8B5C}.Test - Release|x64.ActiveCfg = Release|x64
		{ABB22C98-A2E0-47D1-9E98-4B11831E8B5C}.Test - Release|x64.Build.0 = Release|x64
		{ABB22C98-A2E0-47D1-9E98-4B11831E8B5C}.Test - Release|x86.ActiveCfg = Release|Any CPU
		{E98BF8F4-BB7D-44DE-A934-CD22D7912A75}.Debug|Any CPU.ActiveCfg = Debug|Any CPU
		{E98BF8F4-BB7D-44DE-A934-CD22D7912A75}.Debug|Any CPU.Build.0 = Debug|Any CPU
		{E98BF8F4-BB7D-44DE-A934-CD22D7912A75}.Debug|Mixed Platforms.ActiveCfg = Debug|Any CPU
		{E98BF8F4-BB7D-44DE-A934-CD22D7912A75}.Debug|Mixed Platforms.Build.0 = Debug|Any CPU
		{E98BF8F4-BB7D-44DE-A934-CD22D7912A75}.Debug|x64.ActiveCfg = Debug|x64
		{E98BF8F4-BB7D-44DE-A934-CD22D7912A75}.Debug|x64.Build.0 = Debug|x64
		{E98BF8F4-BB7D-44DE-A934-CD22D7912A75}.Debug|x86.ActiveCfg = Debug|Any CPU
		{E98BF8F4-BB7D-44DE-A934-CD22D7912A75}.LVDBUG|Any CPU.ActiveCfg = Release|Any CPU
		{E98BF8F4-BB7D-44DE-A934-CD22D7912A75}.LVDBUG|Any CPU.Build.0 = Release|Any CPU
		{E98BF8F4-BB7D-44DE-A934-CD22D7912A75}.LVDBUG|Mixed Platforms.ActiveCfg = Release|Any CPU
		{E98BF8F4-BB7D-44DE-A934-CD22D7912A75}.LVDBUG|Mixed Platforms.Build.0 = Release|Any CPU
		{E98BF8F4-BB7D-44DE-A934-CD22D7912A75}.LVDBUG|x64.ActiveCfg = Release|x64
		{E98BF8F4-BB7D-44DE-A934-CD22D7912A75}.LVDBUG|x64.Build.0 = Release|x64
		{E98BF8F4-BB7D-44DE-A934-CD22D7912A75}.LVDBUG|x86.ActiveCfg = Release|Any CPU
		{E98BF8F4-BB7D-44DE-A934-CD22D7912A75}.Release|Any CPU.ActiveCfg = Release|Any CPU
		{E98BF8F4-BB7D-44DE-A934-CD22D7912A75}.Release|Any CPU.Build.0 = Release|Any CPU
		{E98BF8F4-BB7D-44DE-A934-CD22D7912A75}.Release|Mixed Platforms.ActiveCfg = Release|Any CPU
		{E98BF8F4-BB7D-44DE-A934-CD22D7912A75}.Release|Mixed Platforms.Build.0 = Release|Any CPU
		{E98BF8F4-BB7D-44DE-A934-CD22D7912A75}.Release|x64.ActiveCfg = Release|x64
		{E98BF8F4-BB7D-44DE-A934-CD22D7912A75}.Release|x64.Build.0 = Release|x64
		{E98BF8F4-BB7D-44DE-A934-CD22D7912A75}.Release|x86.ActiveCfg = Release|Any CPU
		{E98BF8F4-BB7D-44DE-A934-CD22D7912A75}.Test - Release|Any CPU.ActiveCfg = Release|Any CPU
		{E98BF8F4-BB7D-44DE-A934-CD22D7912A75}.Test - Release|Any CPU.Build.0 = Release|Any CPU
		{E98BF8F4-BB7D-44DE-A934-CD22D7912A75}.Test - Release|Mixed Platforms.ActiveCfg = Release|Any CPU
		{E98BF8F4-BB7D-44DE-A934-CD22D7912A75}.Test - Release|Mixed Platforms.Build.0 = Release|Any CPU
		{E98BF8F4-BB7D-44DE-A934-CD22D7912A75}.Test - Release|x64.ActiveCfg = Release|x64
		{E98BF8F4-BB7D-44DE-A934-CD22D7912A75}.Test - Release|x64.Build.0 = Release|x64
		{E98BF8F4-BB7D-44DE-A934-CD22D7912A75}.Test - Release|x86.ActiveCfg = Release|Any CPU
		{64B8AB0E-7039-458A-B72A-C4429B9C6EAE}.Debug|Any CPU.ActiveCfg = Debug|Any CPU
		{64B8AB0E-7039-458A-B72A-C4429B9C6EAE}.Debug|Any CPU.Build.0 = Debug|Any CPU
		{64B8AB0E-7039-458A-B72A-C4429B9C6EAE}.Debug|Mixed Platforms.ActiveCfg = Debug|Any CPU
		{64B8AB0E-7039-458A-B72A-C4429B9C6EAE}.Debug|Mixed Platforms.Build.0 = Debug|Any CPU
		{64B8AB0E-7039-458A-B72A-C4429B9C6EAE}.Debug|x64.ActiveCfg = Debug|x64
		{64B8AB0E-7039-458A-B72A-C4429B9C6EAE}.Debug|x64.Build.0 = Debug|x64
		{64B8AB0E-7039-458A-B72A-C4429B9C6EAE}.Debug|x86.ActiveCfg = Debug|Any CPU
		{64B8AB0E-7039-458A-B72A-C4429B9C6EAE}.LVDBUG|Any CPU.ActiveCfg = Release|Any CPU
		{64B8AB0E-7039-458A-B72A-C4429B9C6EAE}.LVDBUG|Any CPU.Build.0 = Release|Any CPU
		{64B8AB0E-7039-458A-B72A-C4429B9C6EAE}.LVDBUG|Mixed Platforms.ActiveCfg = Release|Any CPU
		{64B8AB0E-7039-458A-B72A-C4429B9C6EAE}.LVDBUG|Mixed Platforms.Build.0 = Release|Any CPU
		{64B8AB0E-7039-458A-B72A-C4429B9C6EAE}.LVDBUG|x64.ActiveCfg = Release|x64
		{64B8AB0E-7039-458A-B72A-C4429B9C6EAE}.LVDBUG|x64.Build.0 = Release|x64
		{64B8AB0E-7039-458A-B72A-C4429B9C6EAE}.LVDBUG|x86.ActiveCfg = Release|Any CPU
		{64B8AB0E-7039-458A-B72A-C4429B9C6EAE}.Release|Any CPU.ActiveCfg = Release|Any CPU
		{64B8AB0E-7039-458A-B72A-C4429B9C6EAE}.Release|Any CPU.Build.0 = Release|Any CPU
		{64B8AB0E-7039-458A-B72A-C4429B9C6EAE}.Release|Mixed Platforms.ActiveCfg = Release|Any CPU
		{64B8AB0E-7039-458A-B72A-C4429B9C6EAE}.Release|Mixed Platforms.Build.0 = Release|Any CPU
		{64B8AB0E-7039-458A-B72A-C4429B9C6EAE}.Release|x64.ActiveCfg = Release|x64
		{64B8AB0E-7039-458A-B72A-C4429B9C6EAE}.Release|x64.Build.0 = Release|x64
		{64B8AB0E-7039-458A-B72A-C4429B9C6EAE}.Release|x86.ActiveCfg = Release|Any CPU
		{64B8AB0E-7039-458A-B72A-C4429B9C6EAE}.Test - Release|Any CPU.ActiveCfg = Release|Any CPU
		{64B8AB0E-7039-458A-B72A-C4429B9C6EAE}.Test - Release|Any CPU.Build.0 = Release|Any CPU
		{64B8AB0E-7039-458A-B72A-C4429B9C6EAE}.Test - Release|Mixed Platforms.ActiveCfg = Release|Any CPU
		{64B8AB0E-7039-458A-B72A-C4429B9C6EAE}.Test - Release|Mixed Platforms.Build.0 = Release|Any CPU
		{64B8AB0E-7039-458A-B72A-C4429B9C6EAE}.Test - Release|x64.ActiveCfg = Release|x64
		{64B8AB0E-7039-458A-B72A-C4429B9C6EAE}.Test - Release|x64.Build.0 = Release|x64
		{64B8AB0E-7039-458A-B72A-C4429B9C6EAE}.Test - Release|x86.ActiveCfg = Release|Any CPU
		{C1C4F051-7FFC-4139-BFA4-38077B997AAB}.Debug|Any CPU.ActiveCfg = Debug|Any CPU
		{C1C4F051-7FFC-4139-BFA4-38077B997AAB}.Debug|Any CPU.Build.0 = Debug|Any CPU
		{C1C4F051-7FFC-4139-BFA4-38077B997AAB}.Debug|Mixed Platforms.ActiveCfg = Debug|Any CPU
		{C1C4F051-7FFC-4139-BFA4-38077B997AAB}.Debug|Mixed Platforms.Build.0 = Debug|Any CPU
		{C1C4F051-7FFC-4139-BFA4-38077B997AAB}.Debug|x64.ActiveCfg = Debug|x64
		{C1C4F051-7FFC-4139-BFA4-38077B997AAB}.Debug|x64.Build.0 = Debug|x64
		{C1C4F051-7FFC-4139-BFA4-38077B997AAB}.Debug|x86.ActiveCfg = Debug|Any CPU
		{C1C4F051-7FFC-4139-BFA4-38077B997AAB}.LVDBUG|Any CPU.ActiveCfg = Release|Any CPU
		{C1C4F051-7FFC-4139-BFA4-38077B997AAB}.LVDBUG|Any CPU.Build.0 = Release|Any CPU
		{C1C4F051-7FFC-4139-BFA4-38077B997AAB}.LVDBUG|Mixed Platforms.ActiveCfg = Release|Any CPU
		{C1C4F051-7FFC-4139-BFA4-38077B997AAB}.LVDBUG|Mixed Platforms.Build.0 = Release|Any CPU
		{C1C4F051-7FFC-4139-BFA4-38077B997AAB}.LVDBUG|x64.ActiveCfg = Release|x64
		{C1C4F051-7FFC-4139-BFA4-38077B997AAB}.LVDBUG|x64.Build.0 = Release|x64
		{C1C4F051-7FFC-4139-BFA4-38077B997AAB}.LVDBUG|x86.ActiveCfg = Release|Any CPU
		{C1C4F051-7FFC-4139-BFA4-38077B997AAB}.Release|Any CPU.ActiveCfg = Release|Any CPU
		{C1C4F051-7FFC-4139-BFA4-38077B997AAB}.Release|Any CPU.Build.0 = Release|Any CPU
		{C1C4F051-7FFC-4139-BFA4-38077B997AAB}.Release|Mixed Platforms.ActiveCfg = Release|Any CPU
		{C1C4F051-7FFC-4139-BFA4-38077B997AAB}.Release|Mixed Platforms.Build.0 = Release|Any CPU
		{C1C4F051-7FFC-4139-BFA4-38077B997AAB}.Release|x64.ActiveCfg = Release|x64
		{C1C4F051-7FFC-4139-BFA4-38077B997AAB}.Release|x64.Build.0 = Release|x64
		{C1C4F051-7FFC-4139-BFA4-38077B997AAB}.Release|x86.ActiveCfg = Release|Any CPU
		{C1C4F051-7FFC-4139-BFA4-38077B997AAB}.Test - Release|Any CPU.ActiveCfg = Release|Any CPU
		{C1C4F051-7FFC-4139-BFA4-38077B997AAB}.Test - Release|Any CPU.Build.0 = Release|Any CPU
		{C1C4F051-7FFC-4139-BFA4-38077B997AAB}.Test - Release|Mixed Platforms.ActiveCfg = Release|Any CPU
		{C1C4F051-7FFC-4139-BFA4-38077B997AAB}.Test - Release|Mixed Platforms.Build.0 = Release|Any CPU
		{C1C4F051-7FFC-4139-BFA4-38077B997AAB}.Test - Release|x64.ActiveCfg = Release|x64
		{C1C4F051-7FFC-4139-BFA4-38077B997AAB}.Test - Release|x64.Build.0 = Release|x64
		{C1C4F051-7FFC-4139-BFA4-38077B997AAB}.Test - Release|x86.ActiveCfg = Release|Any CPU
		{E5968CC7-984A-42CE-9117-B4149D43D650}.Debug|Any CPU.ActiveCfg = Debug|Any CPU
		{E5968CC7-984A-42CE-9117-B4149D43D650}.Debug|Any CPU.Build.0 = Debug|Any CPU
		{E5968CC7-984A-42CE-9117-B4149D43D650}.Debug|Mixed Platforms.ActiveCfg = Debug|Any CPU
		{E5968CC7-984A-42CE-9117-B4149D43D650}.Debug|Mixed Platforms.Build.0 = Debug|Any CPU
		{E5968CC7-984A-42CE-9117-B4149D43D650}.Debug|x64.ActiveCfg = Debug|x64
		{E5968CC7-984A-42CE-9117-B4149D43D650}.Debug|x64.Build.0 = Debug|x64
		{E5968CC7-984A-42CE-9117-B4149D43D650}.Debug|x86.ActiveCfg = Debug|Any CPU
		{E5968CC7-984A-42CE-9117-B4149D43D650}.LVDBUG|Any CPU.ActiveCfg = Release|Any CPU
		{E5968CC7-984A-42CE-9117-B4149D43D650}.LVDBUG|Any CPU.Build.0 = Release|Any CPU
		{E5968CC7-984A-42CE-9117-B4149D43D650}.LVDBUG|Mixed Platforms.ActiveCfg = Release|Any CPU
		{E5968CC7-984A-42CE-9117-B4149D43D650}.LVDBUG|Mixed Platforms.Build.0 = Release|Any CPU
		{E5968CC7-984A-42CE-9117-B4149D43D650}.LVDBUG|x64.ActiveCfg = Release|x64
		{E5968CC7-984A-42CE-9117-B4149D43D650}.LVDBUG|x64.Build.0 = Release|x64
		{E5968CC7-984A-42CE-9117-B4149D43D650}.LVDBUG|x86.ActiveCfg = Release|Any CPU
		{E5968CC7-984A-42CE-9117-B4149D43D650}.Release|Any CPU.ActiveCfg = Release|Any CPU
		{E5968CC7-984A-42CE-9117-B4149D43D650}.Release|Any CPU.Build.0 = Release|Any CPU
		{E5968CC7-984A-42CE-9117-B4149D43D650}.Release|Mixed Platforms.ActiveCfg = Release|Any CPU
		{E5968CC7-984A-42CE-9117-B4149D43D650}.Release|Mixed Platforms.Build.0 = Release|Any CPU
		{E5968CC7-984A-42CE-9117-B4149D43D650}.Release|x64.ActiveCfg = Release|x64
		{E5968CC7-984A-42CE-9117-B4149D43D650}.Release|x64.Build.0 = Release|x64
		{E5968CC7-984A-42CE-9117-B4149D43D650}.Release|x86.ActiveCfg = Release|Any CPU
		{E5968CC7-984A-42CE-9117-B4149D43D650}.Test - Release|Any CPU.ActiveCfg = Release|Any CPU
		{E5968CC7-984A-42CE-9117-B4149D43D650}.Test - Release|Any CPU.Build.0 = Release|Any CPU
		{E5968CC7-984A-42CE-9117-B4149D43D650}.Test - Release|Mixed Platforms.ActiveCfg = Release|Any CPU
		{E5968CC7-984A-42CE-9117-B4149D43D650}.Test - Release|Mixed Platforms.Build.0 = Release|Any CPU
		{E5968CC7-984A-42CE-9117-B4149D43D650}.Test - Release|x64.ActiveCfg = Release|x64
		{E5968CC7-984A-42CE-9117-B4149D43D650}.Test - Release|x64.Build.0 = Release|x64
		{E5968CC7-984A-42CE-9117-B4149D43D650}.Test - Release|x86.ActiveCfg = Release|Any CPU
		{60E59C03-CC42-4F5B-8FB5-C80E2F03AADE}.Debug|Any CPU.ActiveCfg = Debug|Any CPU
		{60E59C03-CC42-4F5B-8FB5-C80E2F03AADE}.Debug|Any CPU.Build.0 = Debug|Any CPU
		{60E59C03-CC42-4F5B-8FB5-C80E2F03AADE}.Debug|Mixed Platforms.ActiveCfg = Debug|Any CPU
		{60E59C03-CC42-4F5B-8FB5-C80E2F03AADE}.Debug|Mixed Platforms.Build.0 = Debug|Any CPU
		{60E59C03-CC42-4F5B-8FB5-C80E2F03AADE}.Debug|x64.ActiveCfg = Debug|x64
		{60E59C03-CC42-4F5B-8FB5-C80E2F03AADE}.Debug|x64.Build.0 = Debug|x64
		{60E59C03-CC42-4F5B-8FB5-C80E2F03AADE}.Debug|x86.ActiveCfg = Debug|Any CPU
		{60E59C03-CC42-4F5B-8FB5-C80E2F03AADE}.LVDBUG|Any CPU.ActiveCfg = Test - Release|Any CPU
		{60E59C03-CC42-4F5B-8FB5-C80E2F03AADE}.LVDBUG|Any CPU.Build.0 = Test - Release|Any CPU
		{60E59C03-CC42-4F5B-8FB5-C80E2F03AADE}.LVDBUG|Mixed Platforms.ActiveCfg = Test - Release|Any CPU
		{60E59C03-CC42-4F5B-8FB5-C80E2F03AADE}.LVDBUG|Mixed Platforms.Build.0 = Test - Release|Any CPU
		{60E59C03-CC42-4F5B-8FB5-C80E2F03AADE}.LVDBUG|x64.ActiveCfg = Test - Release|x64
		{60E59C03-CC42-4F5B-8FB5-C80E2F03AADE}.LVDBUG|x64.Build.0 = Test - Release|x64
		{60E59C03-CC42-4F5B-8FB5-C80E2F03AADE}.LVDBUG|x86.ActiveCfg = Test - Release|Any CPU
		{60E59C03-CC42-4F5B-8FB5-C80E2F03AADE}.Release|Any CPU.ActiveCfg = Release|Any CPU
		{60E59C03-CC42-4F5B-8FB5-C80E2F03AADE}.Release|Any CPU.Build.0 = Release|Any CPU
		{60E59C03-CC42-4F5B-8FB5-C80E2F03AADE}.Release|Mixed Platforms.ActiveCfg = Release|Any CPU
		{60E59C03-CC42-4F5B-8FB5-C80E2F03AADE}.Release|Mixed Platforms.Build.0 = Release|Any CPU
		{60E59C03-CC42-4F5B-8FB5-C80E2F03AADE}.Release|x64.ActiveCfg = Release|x64
		{60E59C03-CC42-4F5B-8FB5-C80E2F03AADE}.Release|x64.Build.0 = Release|x64
		{60E59C03-CC42-4F5B-8FB5-C80E2F03AADE}.Release|x86.ActiveCfg = Release|Any CPU
		{60E59C03-CC42-4F5B-8FB5-C80E2F03AADE}.Test - Release|Any CPU.ActiveCfg = Test - Release|Any CPU
		{60E59C03-CC42-4F5B-8FB5-C80E2F03AADE}.Test - Release|Any CPU.Build.0 = Test - Release|Any CPU
		{60E59C03-CC42-4F5B-8FB5-C80E2F03AADE}.Test - Release|Mixed Platforms.ActiveCfg = Test - Release|Any CPU
		{60E59C03-CC42-4F5B-8FB5-C80E2F03AADE}.Test - Release|Mixed Platforms.Build.0 = Test - Release|Any CPU
		{60E59C03-CC42-4F5B-8FB5-C80E2F03AADE}.Test - Release|x64.ActiveCfg = Test - Release|x64
		{60E59C03-CC42-4F5B-8FB5-C80E2F03AADE}.Test - Release|x64.Build.0 = Test - Release|x64
		{60E59C03-CC42-4F5B-8FB5-C80E2F03AADE}.Test - Release|x86.ActiveCfg = Test - Release|Any CPU
		{9282D1ED-9F1A-43B9-9450-AFA83EAE1E70}.Debug|Any CPU.ActiveCfg = Debug|Any CPU
		{9282D1ED-9F1A-43B9-9450-AFA83EAE1E70}.Debug|Any CPU.Build.0 = Debug|Any CPU
		{9282D1ED-9F1A-43B9-9450-AFA83EAE1E70}.Debug|Mixed Platforms.ActiveCfg = Debug|Any CPU
		{9282D1ED-9F1A-43B9-9450-AFA83EAE1E70}.Debug|Mixed Platforms.Build.0 = Debug|Any CPU
		{9282D1ED-9F1A-43B9-9450-AFA83EAE1E70}.Debug|x64.ActiveCfg = Debug|x64
		{9282D1ED-9F1A-43B9-9450-AFA83EAE1E70}.Debug|x64.Build.0 = Debug|x64
		{9282D1ED-9F1A-43B9-9450-AFA83EAE1E70}.Debug|x86.ActiveCfg = Debug|Any CPU
		{9282D1ED-9F1A-43B9-9450-AFA83EAE1E70}.LVDBUG|Any CPU.ActiveCfg = Release|Any CPU
		{9282D1ED-9F1A-43B9-9450-AFA83EAE1E70}.LVDBUG|Any CPU.Build.0 = Release|Any CPU
		{9282D1ED-9F1A-43B9-9450-AFA83EAE1E70}.LVDBUG|Mixed Platforms.ActiveCfg = Release|Any CPU
		{9282D1ED-9F1A-43B9-9450-AFA83EAE1E70}.LVDBUG|Mixed Platforms.Build.0 = Release|Any CPU
		{9282D1ED-9F1A-43B9-9450-AFA83EAE1E70}.LVDBUG|x64.ActiveCfg = Release|x64
		{9282D1ED-9F1A-43B9-9450-AFA83EAE1E70}.LVDBUG|x64.Build.0 = Release|x64
		{9282D1ED-9F1A-43B9-9450-AFA83EAE1E70}.LVDBUG|x86.ActiveCfg = Release|Any CPU
		{9282D1ED-9F1A-43B9-9450-AFA83EAE1E70}.Release|Any CPU.ActiveCfg = Release|Any CPU
		{9282D1ED-9F1A-43B9-9450-AFA83EAE1E70}.Release|Any CPU.Build.0 = Release|Any CPU
		{9282D1ED-9F1A-43B9-9450-AFA83EAE1E70}.Release|Mixed Platforms.ActiveCfg = Release|Any CPU
		{9282D1ED-9F1A-43B9-9450-AFA83EAE1E70}.Release|Mixed Platforms.Build.0 = Release|Any CPU
		{9282D1ED-9F1A-43B9-9450-AFA83EAE1E70}.Release|x64.ActiveCfg = Release|x64
		{9282D1ED-9F1A-43B9-9450-AFA83EAE1E70}.Release|x64.Build.0 = Release|x64
		{9282D1ED-9F1A-43B9-9450-AFA83EAE1E70}.Release|x86.ActiveCfg = Release|Any CPU
		{9282D1ED-9F1A-43B9-9450-AFA83EAE1E70}.Test - Release|Any CPU.ActiveCfg = Release|Any CPU
		{9282D1ED-9F1A-43B9-9450-AFA83EAE1E70}.Test - Release|Any CPU.Build.0 = Release|Any CPU
		{9282D1ED-9F1A-43B9-9450-AFA83EAE1E70}.Test - Release|Mixed Platforms.ActiveCfg = Release|Any CPU
		{9282D1ED-9F1A-43B9-9450-AFA83EAE1E70}.Test - Release|Mixed Platforms.Build.0 = Release|Any CPU
		{9282D1ED-9F1A-43B9-9450-AFA83EAE1E70}.Test - Release|x64.ActiveCfg = Release|x64
		{9282D1ED-9F1A-43B9-9450-AFA83EAE1E70}.Test - Release|x64.Build.0 = Release|x64
		{9282D1ED-9F1A-43B9-9450-AFA83EAE1E70}.Test - Release|x86.ActiveCfg = Release|Any CPU
		{F8A49468-38CB-46E9-AE84-FF4C25E220CF}.Debug|Any CPU.ActiveCfg = Debug|Any CPU
		{F8A49468-38CB-46E9-AE84-FF4C25E220CF}.Debug|Any CPU.Build.0 = Debug|Any CPU
		{F8A49468-38CB-46E9-AE84-FF4C25E220CF}.Debug|Mixed Platforms.ActiveCfg = Debug|Any CPU
		{F8A49468-38CB-46E9-AE84-FF4C25E220CF}.Debug|Mixed Platforms.Build.0 = Debug|Any CPU
		{F8A49468-38CB-46E9-AE84-FF4C25E220CF}.Debug|x64.ActiveCfg = Debug|x64
		{F8A49468-38CB-46E9-AE84-FF4C25E220CF}.Debug|x64.Build.0 = Debug|x64
		{F8A49468-38CB-46E9-AE84-FF4C25E220CF}.Debug|x86.ActiveCfg = Debug|Any CPU
		{F8A49468-38CB-46E9-AE84-FF4C25E220CF}.LVDBUG|Any CPU.ActiveCfg = Release|Any CPU
		{F8A49468-38CB-46E9-AE84-FF4C25E220CF}.LVDBUG|Any CPU.Build.0 = Release|Any CPU
		{F8A49468-38CB-46E9-AE84-FF4C25E220CF}.LVDBUG|Mixed Platforms.ActiveCfg = Release|Any CPU
		{F8A49468-38CB-46E9-AE84-FF4C25E220CF}.LVDBUG|Mixed Platforms.Build.0 = Release|Any CPU
		{F8A49468-38CB-46E9-AE84-FF4C25E220CF}.LVDBUG|x64.ActiveCfg = Release|x64
		{F8A49468-38CB-46E9-AE84-FF4C25E220CF}.LVDBUG|x64.Build.0 = Release|x64
		{F8A49468-38CB-46E9-AE84-FF4C25E220CF}.LVDBUG|x86.ActiveCfg = Release|Any CPU
		{F8A49468-38CB-46E9-AE84-FF4C25E220CF}.Release|Any CPU.ActiveCfg = Release|Any CPU
		{F8A49468-38CB-46E9-AE84-FF4C25E220CF}.Release|Any CPU.Build.0 = Release|Any CPU
		{F8A49468-38CB-46E9-AE84-FF4C25E220CF}.Release|Mixed Platforms.ActiveCfg = Release|Any CPU
		{F8A49468-38CB-46E9-AE84-FF4C25E220CF}.Release|Mixed Platforms.Build.0 = Release|Any CPU
		{F8A49468-38CB-46E9-AE84-FF4C25E220CF}.Release|x64.ActiveCfg = Release|x64
		{F8A49468-38CB-46E9-AE84-FF4C25E220CF}.Release|x64.Build.0 = Release|x64
		{F8A49468-38CB-46E9-AE84-FF4C25E220CF}.Release|x86.ActiveCfg = Release|Any CPU
		{F8A49468-38CB-46E9-AE84-FF4C25E220CF}.Test - Release|Any CPU.ActiveCfg = Release|Any CPU
		{F8A49468-38CB-46E9-AE84-FF4C25E220CF}.Test - Release|Any CPU.Build.0 = Release|Any CPU
		{F8A49468-38CB-46E9-AE84-FF4C25E220CF}.Test - Release|Mixed Platforms.ActiveCfg = Release|Any CPU
		{F8A49468-38CB-46E9-AE84-FF4C25E220CF}.Test - Release|Mixed Platforms.Build.0 = Release|Any CPU
		{F8A49468-38CB-46E9-AE84-FF4C25E220CF}.Test - Release|x64.ActiveCfg = Release|x64
		{F8A49468-38CB-46E9-AE84-FF4C25E220CF}.Test - Release|x64.Build.0 = Release|x64
		{F8A49468-38CB-46E9-AE84-FF4C25E220CF}.Test - Release|x86.ActiveCfg = Release|Any CPU
		{EC6D1AE3-7A6D-4A89-96E1-02F9573B411B}.Debug|Any CPU.ActiveCfg = Debug|Any CPU
		{EC6D1AE3-7A6D-4A89-96E1-02F9573B411B}.Debug|Any CPU.Build.0 = Debug|Any CPU
		{EC6D1AE3-7A6D-4A89-96E1-02F9573B411B}.Debug|Mixed Platforms.ActiveCfg = Debug|Any CPU
		{EC6D1AE3-7A6D-4A89-96E1-02F9573B411B}.Debug|Mixed Platforms.Build.0 = Debug|Any CPU
		{EC6D1AE3-7A6D-4A89-96E1-02F9573B411B}.Debug|x64.ActiveCfg = Debug|x64
		{EC6D1AE3-7A6D-4A89-96E1-02F9573B411B}.Debug|x64.Build.0 = Debug|x64
		{EC6D1AE3-7A6D-4A89-96E1-02F9573B411B}.Debug|x86.ActiveCfg = Debug|Any CPU
		{EC6D1AE3-7A6D-4A89-96E1-02F9573B411B}.LVDBUG|Any CPU.ActiveCfg = Release|Any CPU
		{EC6D1AE3-7A6D-4A89-96E1-02F9573B411B}.LVDBUG|Any CPU.Build.0 = Release|Any CPU
		{EC6D1AE3-7A6D-4A89-96E1-02F9573B411B}.LVDBUG|Mixed Platforms.ActiveCfg = Release|Any CPU
		{EC6D1AE3-7A6D-4A89-96E1-02F9573B411B}.LVDBUG|Mixed Platforms.Build.0 = Release|Any CPU
		{EC6D1AE3-7A6D-4A89-96E1-02F9573B411B}.LVDBUG|x64.ActiveCfg = Release|x64
		{EC6D1AE3-7A6D-4A89-96E1-02F9573B411B}.LVDBUG|x64.Build.0 = Release|x64
		{EC6D1AE3-7A6D-4A89-96E1-02F9573B411B}.LVDBUG|x86.ActiveCfg = Release|Any CPU
		{EC6D1AE3-7A6D-4A89-96E1-02F9573B411B}.Release|Any CPU.ActiveCfg = Release|Any CPU
		{EC6D1AE3-7A6D-4A89-96E1-02F9573B411B}.Release|Any CPU.Build.0 = Release|Any CPU
		{EC6D1AE3-7A6D-4A89-96E1-02F9573B411B}.Release|Mixed Platforms.ActiveCfg = Release|Any CPU
		{EC6D1AE3-7A6D-4A89-96E1-02F9573B411B}.Release|Mixed Platforms.Build.0 = Release|Any CPU
		{EC6D1AE3-7A6D-4A89-96E1-02F9573B411B}.Release|x64.ActiveCfg = Release|x64
		{EC6D1AE3-7A6D-4A89-96E1-02F9573B411B}.Release|x64.Build.0 = Release|x64
		{EC6D1AE3-7A6D-4A89-96E1-02F9573B411B}.Release|x86.ActiveCfg = Release|Any CPU
		{EC6D1AE3-7A6D-4A89-96E1-02F9573B411B}.Test - Release|Any CPU.ActiveCfg = Release|Any CPU
		{EC6D1AE3-7A6D-4A89-96E1-02F9573B411B}.Test - Release|Any CPU.Build.0 = Release|Any CPU
		{EC6D1AE3-7A6D-4A89-96E1-02F9573B411B}.Test - Release|Mixed Platforms.ActiveCfg = Release|Any CPU
		{EC6D1AE3-7A6D-4A89-96E1-02F9573B411B}.Test - Release|Mixed Platforms.Build.0 = Release|Any CPU
		{EC6D1AE3-7A6D-4A89-96E1-02F9573B411B}.Test - Release|x64.ActiveCfg = Release|x64
		{EC6D1AE3-7A6D-4A89-96E1-02F9573B411B}.Test - Release|x64.Build.0 = Release|x64
		{EC6D1AE3-7A6D-4A89-96E1-02F9573B411B}.Test - Release|x86.ActiveCfg = Release|Any CPU
		{4BA8C15A-44CF-426F-B079-643DDD207ACE}.Debug|Any CPU.ActiveCfg = Debug|Any CPU
		{4BA8C15A-44CF-426F-B079-643DDD207ACE}.Debug|Any CPU.Build.0 = Debug|Any CPU
		{4BA8C15A-44CF-426F-B079-643DDD207ACE}.Debug|Mixed Platforms.ActiveCfg = Debug|Any CPU
		{4BA8C15A-44CF-426F-B079-643DDD207ACE}.Debug|Mixed Platforms.Build.0 = Debug|Any CPU
		{4BA8C15A-44CF-426F-B079-643DDD207ACE}.Debug|x64.ActiveCfg = Debug|x64
		{4BA8C15A-44CF-426F-B079-643DDD207ACE}.Debug|x64.Build.0 = Debug|x64
		{4BA8C15A-44CF-426F-B079-643DDD207ACE}.Debug|x86.ActiveCfg = Debug|Any CPU
		{4BA8C15A-44CF-426F-B079-643DDD207ACE}.LVDBUG|Any CPU.ActiveCfg = Release|Any CPU
		{4BA8C15A-44CF-426F-B079-643DDD207ACE}.LVDBUG|Any CPU.Build.0 = Release|Any CPU
		{4BA8C15A-44CF-426F-B079-643DDD207ACE}.LVDBUG|Mixed Platforms.ActiveCfg = Release|Any CPU
		{4BA8C15A-44CF-426F-B079-643DDD207ACE}.LVDBUG|Mixed Platforms.Build.0 = Release|Any CPU
		{4BA8C15A-44CF-426F-B079-643DDD207ACE}.LVDBUG|x64.ActiveCfg = Release|x64
		{4BA8C15A-44CF-426F-B079-643DDD207ACE}.LVDBUG|x64.Build.0 = Release|x64
		{4BA8C15A-44CF-426F-B079-643DDD207ACE}.LVDBUG|x86.ActiveCfg = Release|Any CPU
		{4BA8C15A-44CF-426F-B079-643DDD207ACE}.Release|Any CPU.ActiveCfg = Release|Any CPU
		{4BA8C15A-44CF-426F-B079-643DDD207ACE}.Release|Any CPU.Build.0 = Release|Any CPU
		{4BA8C15A-44CF-426F-B079-643DDD207ACE}.Release|Mixed Platforms.ActiveCfg = Release|Any CPU
		{4BA8C15A-44CF-426F-B079-643DDD207ACE}.Release|Mixed Platforms.Build.0 = Release|Any CPU
		{4BA8C15A-44CF-426F-B079-643DDD207ACE}.Release|x64.ActiveCfg = Release|x64
		{4BA8C15A-44CF-426F-B079-643DDD207ACE}.Release|x64.Build.0 = Release|x64
		{4BA8C15A-44CF-426F-B079-643DDD207ACE}.Release|x86.ActiveCfg = Release|Any CPU
		{4BA8C15A-44CF-426F-B079-643DDD207ACE}.Test - Release|Any CPU.ActiveCfg = Release|Any CPU
		{4BA8C15A-44CF-426F-B079-643DDD207ACE}.Test - Release|Any CPU.Build.0 = Release|Any CPU
		{4BA8C15A-44CF-426F-B079-643DDD207ACE}.Test - Release|Mixed Platforms.ActiveCfg = Release|Any CPU
		{4BA8C15A-44CF-426F-B079-643DDD207ACE}.Test - Release|Mixed Platforms.Build.0 = Release|Any CPU
		{4BA8C15A-44CF-426F-B079-643DDD207ACE}.Test - Release|x64.ActiveCfg = Release|x64
		{4BA8C15A-44CF-426F-B079-643DDD207ACE}.Test - Release|x64.Build.0 = Release|x64
		{4BA8C15A-44CF-426F-B079-643DDD207ACE}.Test - Release|x86.ActiveCfg = Release|Any CPU
		{F41EEA5A-3947-4D0F-BF2E-5B6142C85C20}.Debug|Any CPU.ActiveCfg = Debug|Any CPU
		{F41EEA5A-3947-4D0F-BF2E-5B6142C85C20}.Debug|Any CPU.Build.0 = Debug|Any CPU
		{F41EEA5A-3947-4D0F-BF2E-5B6142C85C20}.Debug|Mixed Platforms.ActiveCfg = Debug|Any CPU
		{F41EEA5A-3947-4D0F-BF2E-5B6142C85C20}.Debug|Mixed Platforms.Build.0 = Debug|Any CPU
		{F41EEA5A-3947-4D0F-BF2E-5B6142C85C20}.Debug|x64.ActiveCfg = Debug|x64
		{F41EEA5A-3947-4D0F-BF2E-5B6142C85C20}.Debug|x64.Build.0 = Debug|x64
		{F41EEA5A-3947-4D0F-BF2E-5B6142C85C20}.Debug|x86.ActiveCfg = Debug|Any CPU
		{F41EEA5A-3947-4D0F-BF2E-5B6142C85C20}.LVDBUG|Any CPU.ActiveCfg = Release|Any CPU
		{F41EEA5A-3947-4D0F-BF2E-5B6142C85C20}.LVDBUG|Any CPU.Build.0 = Release|Any CPU
		{F41EEA5A-3947-4D0F-BF2E-5B6142C85C20}.LVDBUG|Mixed Platforms.ActiveCfg = Release|Any CPU
		{F41EEA5A-3947-4D0F-BF2E-5B6142C85C20}.LVDBUG|Mixed Platforms.Build.0 = Release|Any CPU
		{F41EEA5A-3947-4D0F-BF2E-5B6142C85C20}.LVDBUG|x64.ActiveCfg = Release|x64
		{F41EEA5A-3947-4D0F-BF2E-5B6142C85C20}.LVDBUG|x64.Build.0 = Release|x64
		{F41EEA5A-3947-4D0F-BF2E-5B6142C85C20}.LVDBUG|x86.ActiveCfg = Release|Any CPU
		{F41EEA5A-3947-4D0F-BF2E-5B6142C85C20}.Release|Any CPU.ActiveCfg = Release|Any CPU
		{F41EEA5A-3947-4D0F-BF2E-5B6142C85C20}.Release|Any CPU.Build.0 = Release|Any CPU
		{F41EEA5A-3947-4D0F-BF2E-5B6142C85C20}.Release|Mixed Platforms.ActiveCfg = Release|Any CPU
		{F41EEA5A-3947-4D0F-BF2E-5B6142C85C20}.Release|Mixed Platforms.Build.0 = Release|Any CPU
		{F41EEA5A-3947-4D0F-BF2E-5B6142C85C20}.Release|x64.ActiveCfg = Release|x64
		{F41EEA5A-3947-4D0F-BF2E-5B6142C85C20}.Release|x64.Build.0 = Release|x64
		{F41EEA5A-3947-4D0F-BF2E-5B6142C85C20}.Release|x86.ActiveCfg = Release|Any CPU
		{F41EEA5A-3947-4D0F-BF2E-5B6142C85C20}.Test - Release|Any CPU.ActiveCfg = Release|Any CPU
		{F41EEA5A-3947-4D0F-BF2E-5B6142C85C20}.Test - Release|Any CPU.Build.0 = Release|Any CPU
		{F41EEA5A-3947-4D0F-BF2E-5B6142C85C20}.Test - Release|Mixed Platforms.ActiveCfg = Release|Any CPU
		{F41EEA5A-3947-4D0F-BF2E-5B6142C85C20}.Test - Release|Mixed Platforms.Build.0 = Release|Any CPU
		{F41EEA5A-3947-4D0F-BF2E-5B6142C85C20}.Test - Release|x64.ActiveCfg = Release|x64
		{F41EEA5A-3947-4D0F-BF2E-5B6142C85C20}.Test - Release|x64.Build.0 = Release|x64
		{F41EEA5A-3947-4D0F-BF2E-5B6142C85C20}.Test - Release|x86.ActiveCfg = Release|Any CPU
		{C59ABE47-D52D-4D2E-B8A4-E26F192C5ACB}.Debug|Any CPU.ActiveCfg = Debug|Any CPU
		{C59ABE47-D52D-4D2E-B8A4-E26F192C5ACB}.Debug|Any CPU.Build.0 = Debug|Any CPU
		{C59ABE47-D52D-4D2E-B8A4-E26F192C5ACB}.Debug|Mixed Platforms.ActiveCfg = Debug|Any CPU
		{C59ABE47-D52D-4D2E-B8A4-E26F192C5ACB}.Debug|Mixed Platforms.Build.0 = Debug|Any CPU
		{C59ABE47-D52D-4D2E-B8A4-E26F192C5ACB}.Debug|x64.ActiveCfg = Debug|x64
		{C59ABE47-D52D-4D2E-B8A4-E26F192C5ACB}.Debug|x64.Build.0 = Debug|x64
		{C59ABE47-D52D-4D2E-B8A4-E26F192C5ACB}.Debug|x86.ActiveCfg = Debug|Any CPU
		{C59ABE47-D52D-4D2E-B8A4-E26F192C5ACB}.LVDBUG|Any CPU.ActiveCfg = Release|Any CPU
		{C59ABE47-D52D-4D2E-B8A4-E26F192C5ACB}.LVDBUG|Any CPU.Build.0 = Release|Any CPU
		{C59ABE47-D52D-4D2E-B8A4-E26F192C5ACB}.LVDBUG|Mixed Platforms.ActiveCfg = Release|Any CPU
		{C59ABE47-D52D-4D2E-B8A4-E26F192C5ACB}.LVDBUG|Mixed Platforms.Build.0 = Release|Any CPU
		{C59ABE47-D52D-4D2E-B8A4-E26F192C5ACB}.LVDBUG|x64.ActiveCfg = Release|x64
		{C59ABE47-D52D-4D2E-B8A4-E26F192C5ACB}.LVDBUG|x64.Build.0 = Release|x64
		{C59ABE47-D52D-4D2E-B8A4-E26F192C5ACB}.LVDBUG|x86.ActiveCfg = Release|Any CPU
		{C59ABE47-D52D-4D2E-B8A4-E26F192C5ACB}.Release|Any CPU.ActiveCfg = Release|Any CPU
		{C59ABE47-D52D-4D2E-B8A4-E26F192C5ACB}.Release|Any CPU.Build.0 = Release|Any CPU
		{C59ABE47-D52D-4D2E-B8A4-E26F192C5ACB}.Release|Mixed Platforms.ActiveCfg = Release|Any CPU
		{C59ABE47-D52D-4D2E-B8A4-E26F192C5ACB}.Release|Mixed Platforms.Build.0 = Release|Any CPU
		{C59ABE47-D52D-4D2E-B8A4-E26F192C5ACB}.Release|x64.ActiveCfg = Release|x64
		{C59ABE47-D52D-4D2E-B8A4-E26F192C5ACB}.Release|x64.Build.0 = Release|x64
		{C59ABE47-D52D-4D2E-B8A4-E26F192C5ACB}.Release|x86.ActiveCfg = Release|Any CPU
		{C59ABE47-D52D-4D2E-B8A4-E26F192C5ACB}.Test - Release|Any CPU.ActiveCfg = Release|Any CPU
		{C59ABE47-D52D-4D2E-B8A4-E26F192C5ACB}.Test - Release|Any CPU.Build.0 = Release|Any CPU
		{C59ABE47-D52D-4D2E-B8A4-E26F192C5ACB}.Test - Release|Mixed Platforms.ActiveCfg = Release|Any CPU
		{C59ABE47-D52D-4D2E-B8A4-E26F192C5ACB}.Test - Release|Mixed Platforms.Build.0 = Release|Any CPU
		{C59ABE47-D52D-4D2E-B8A4-E26F192C5ACB}.Test - Release|x64.ActiveCfg = Release|x64
		{C59ABE47-D52D-4D2E-B8A4-E26F192C5ACB}.Test - Release|x64.Build.0 = Release|x64
		{C59ABE47-D52D-4D2E-B8A4-E26F192C5ACB}.Test - Release|x86.ActiveCfg = Release|Any CPU
		{1B12D905-43F7-4152-B538-C8A84416F161}.Debug|Any CPU.ActiveCfg = Debug|Any CPU
		{1B12D905-43F7-4152-B538-C8A84416F161}.Debug|Any CPU.Build.0 = Debug|Any CPU
		{1B12D905-43F7-4152-B538-C8A84416F161}.Debug|Mixed Platforms.ActiveCfg = Debug|Any CPU
		{1B12D905-43F7-4152-B538-C8A84416F161}.Debug|Mixed Platforms.Build.0 = Debug|Any CPU
		{1B12D905-43F7-4152-B538-C8A84416F161}.Debug|x64.ActiveCfg = Debug|x64
		{1B12D905-43F7-4152-B538-C8A84416F161}.Debug|x64.Build.0 = Debug|x64
		{1B12D905-43F7-4152-B538-C8A84416F161}.Debug|x86.ActiveCfg = Debug|Any CPU
		{1B12D905-43F7-4152-B538-C8A84416F161}.LVDBUG|Any CPU.ActiveCfg = Release|Any CPU
		{1B12D905-43F7-4152-B538-C8A84416F161}.LVDBUG|Any CPU.Build.0 = Release|Any CPU
		{1B12D905-43F7-4152-B538-C8A84416F161}.LVDBUG|Mixed Platforms.ActiveCfg = Release|Any CPU
		{1B12D905-43F7-4152-B538-C8A84416F161}.LVDBUG|Mixed Platforms.Build.0 = Release|Any CPU
		{1B12D905-43F7-4152-B538-C8A84416F161}.LVDBUG|x64.ActiveCfg = Release|x64
		{1B12D905-43F7-4152-B538-C8A84416F161}.LVDBUG|x64.Build.0 = Release|x64
		{1B12D905-43F7-4152-B538-C8A84416F161}.LVDBUG|x86.ActiveCfg = Release|Any CPU
		{1B12D905-43F7-4152-B538-C8A84416F161}.Release|Any CPU.ActiveCfg = Release|Any CPU
		{1B12D905-43F7-4152-B538-C8A84416F161}.Release|Any CPU.Build.0 = Release|Any CPU
		{1B12D905-43F7-4152-B538-C8A84416F161}.Release|Mixed Platforms.ActiveCfg = Release|Any CPU
		{1B12D905-43F7-4152-B538-C8A84416F161}.Release|Mixed Platforms.Build.0 = Release|Any CPU
		{1B12D905-43F7-4152-B538-C8A84416F161}.Release|x64.ActiveCfg = Release|x64
		{1B12D905-43F7-4152-B538-C8A84416F161}.Release|x64.Build.0 = Release|x64
		{1B12D905-43F7-4152-B538-C8A84416F161}.Release|x86.ActiveCfg = Release|Any CPU
		{1B12D905-43F7-4152-B538-C8A84416F161}.Test - Release|Any CPU.ActiveCfg = Release|Any CPU
		{1B12D905-43F7-4152-B538-C8A84416F161}.Test - Release|Any CPU.Build.0 = Release|Any CPU
		{1B12D905-43F7-4152-B538-C8A84416F161}.Test - Release|Mixed Platforms.ActiveCfg = Release|Any CPU
		{1B12D905-43F7-4152-B538-C8A84416F161}.Test - Release|Mixed Platforms.Build.0 = Release|Any CPU
		{1B12D905-43F7-4152-B538-C8A84416F161}.Test - Release|x64.ActiveCfg = Release|x64
		{1B12D905-43F7-4152-B538-C8A84416F161}.Test - Release|x64.Build.0 = Release|x64
		{1B12D905-43F7-4152-B538-C8A84416F161}.Test - Release|x86.ActiveCfg = Release|Any CPU
		{494B47E3-A168-486B-B965-356B29F2A01D}.Debug|Any CPU.ActiveCfg = Debug|Any CPU
		{494B47E3-A168-486B-B965-356B29F2A01D}.Debug|Any CPU.Build.0 = Debug|Any CPU
		{494B47E3-A168-486B-B965-356B29F2A01D}.Debug|Mixed Platforms.ActiveCfg = Debug|Any CPU
		{494B47E3-A168-486B-B965-356B29F2A01D}.Debug|Mixed Platforms.Build.0 = Debug|Any CPU
		{494B47E3-A168-486B-B965-356B29F2A01D}.Debug|x64.ActiveCfg = Debug|x64
		{494B47E3-A168-486B-B965-356B29F2A01D}.Debug|x64.Build.0 = Debug|x64
		{494B47E3-A168-486B-B965-356B29F2A01D}.Debug|x86.ActiveCfg = Debug|Any CPU
		{494B47E3-A168-486B-B965-356B29F2A01D}.LVDBUG|Any CPU.ActiveCfg = Release|Any CPU
		{494B47E3-A168-486B-B965-356B29F2A01D}.LVDBUG|Any CPU.Build.0 = Release|Any CPU
		{494B47E3-A168-486B-B965-356B29F2A01D}.LVDBUG|Mixed Platforms.ActiveCfg = Release|Any CPU
		{494B47E3-A168-486B-B965-356B29F2A01D}.LVDBUG|Mixed Platforms.Build.0 = Release|Any CPU
		{494B47E3-A168-486B-B965-356B29F2A01D}.LVDBUG|x64.ActiveCfg = Release|x64
		{494B47E3-A168-486B-B965-356B29F2A01D}.LVDBUG|x64.Build.0 = Release|x64
		{494B47E3-A168-486B-B965-356B29F2A01D}.LVDBUG|x86.ActiveCfg = Release|Any CPU
		{494B47E3-A168-486B-B965-356B29F2A01D}.Release|Any CPU.ActiveCfg = Release|Any CPU
		{494B47E3-A168-486B-B965-356B29F2A01D}.Release|Any CPU.Build.0 = Release|Any CPU
		{494B47E3-A168-486B-B965-356B29F2A01D}.Release|Mixed Platforms.ActiveCfg = Release|Any CPU
		{494B47E3-A168-486B-B965-356B29F2A01D}.Release|Mixed Platforms.Build.0 = Release|Any CPU
		{494B47E3-A168-486B-B965-356B29F2A01D}.Release|x64.ActiveCfg = Release|x64
		{494B47E3-A168-486B-B965-356B29F2A01D}.Release|x64.Build.0 = Release|x64
		{494B47E3-A168-486B-B965-356B29F2A01D}.Release|x86.ActiveCfg = Release|Any CPU
		{494B47E3-A168-486B-B965-356B29F2A01D}.Test - Release|Any CPU.ActiveCfg = Release|Any CPU
		{494B47E3-A168-486B-B965-356B29F2A01D}.Test - Release|Any CPU.Build.0 = Release|Any CPU
		{494B47E3-A168-486B-B965-356B29F2A01D}.Test - Release|Mixed Platforms.ActiveCfg = Release|Any CPU
		{494B47E3-A168-486B-B965-356B29F2A01D}.Test - Release|Mixed Platforms.Build.0 = Release|Any CPU
		{494B47E3-A168-486B-B965-356B29F2A01D}.Test - Release|x64.ActiveCfg = Release|x64
		{494B47E3-A168-486B-B965-356B29F2A01D}.Test - Release|x64.Build.0 = Release|x64
		{494B47E3-A168-486B-B965-356B29F2A01D}.Test - Release|x86.ActiveCfg = Release|Any CPU
		{8A333FEB-6B4F-4AD5-A339-48E33B673D20}.Debug|Any CPU.ActiveCfg = Debug|Any CPU
		{8A333FEB-6B4F-4AD5-A339-48E33B673D20}.Debug|Any CPU.Build.0 = Debug|Any CPU
		{8A333FEB-6B4F-4AD5-A339-48E33B673D20}.Debug|Mixed Platforms.ActiveCfg = Debug|Any CPU
		{8A333FEB-6B4F-4AD5-A339-48E33B673D20}.Debug|Mixed Platforms.Build.0 = Debug|Any CPU
		{8A333FEB-6B4F-4AD5-A339-48E33B673D20}.Debug|x64.ActiveCfg = Debug|x64
		{8A333FEB-6B4F-4AD5-A339-48E33B673D20}.Debug|x64.Build.0 = Debug|x64
		{8A333FEB-6B4F-4AD5-A339-48E33B673D20}.Debug|x86.ActiveCfg = Debug|Any CPU
		{8A333FEB-6B4F-4AD5-A339-48E33B673D20}.LVDBUG|Any CPU.ActiveCfg = Release|Any CPU
		{8A333FEB-6B4F-4AD5-A339-48E33B673D20}.LVDBUG|Any CPU.Build.0 = Release|Any CPU
		{8A333FEB-6B4F-4AD5-A339-48E33B673D20}.LVDBUG|Mixed Platforms.ActiveCfg = Release|Any CPU
		{8A333FEB-6B4F-4AD5-A339-48E33B673D20}.LVDBUG|Mixed Platforms.Build.0 = Release|Any CPU
		{8A333FEB-6B4F-4AD5-A339-48E33B673D20}.LVDBUG|x64.ActiveCfg = Release|x64
		{8A333FEB-6B4F-4AD5-A339-48E33B673D20}.LVDBUG|x64.Build.0 = Release|x64
		{8A333FEB-6B4F-4AD5-A339-48E33B673D20}.LVDBUG|x86.ActiveCfg = Release|Any CPU
		{8A333FEB-6B4F-4AD5-A339-48E33B673D20}.Release|Any CPU.ActiveCfg = Release|Any CPU
		{8A333FEB-6B4F-4AD5-A339-48E33B673D20}.Release|Any CPU.Build.0 = Release|Any CPU
		{8A333FEB-6B4F-4AD5-A339-48E33B673D20}.Release|Mixed Platforms.ActiveCfg = Release|Any CPU
		{8A333FEB-6B4F-4AD5-A339-48E33B673D20}.Release|Mixed Platforms.Build.0 = Release|Any CPU
		{8A333FEB-6B4F-4AD5-A339-48E33B673D20}.Release|x64.ActiveCfg = Release|x64
		{8A333FEB-6B4F-4AD5-A339-48E33B673D20}.Release|x64.Build.0 = Release|x64
		{8A333FEB-6B4F-4AD5-A339-48E33B673D20}.Release|x86.ActiveCfg = Release|Any CPU
		{8A333FEB-6B4F-4AD5-A339-48E33B673D20}.Test - Release|Any CPU.ActiveCfg = Release|Any CPU
		{8A333FEB-6B4F-4AD5-A339-48E33B673D20}.Test - Release|Any CPU.Build.0 = Release|Any CPU
		{8A333FEB-6B4F-4AD5-A339-48E33B673D20}.Test - Release|Mixed Platforms.ActiveCfg = Release|Any CPU
		{8A333FEB-6B4F-4AD5-A339-48E33B673D20}.Test - Release|Mixed Platforms.Build.0 = Release|Any CPU
		{8A333FEB-6B4F-4AD5-A339-48E33B673D20}.Test - Release|x64.ActiveCfg = Release|x64
		{8A333FEB-6B4F-4AD5-A339-48E33B673D20}.Test - Release|x64.Build.0 = Release|x64
		{8A333FEB-6B4F-4AD5-A339-48E33B673D20}.Test - Release|x86.ActiveCfg = Release|Any CPU
		{2B7DC64C-CD78-4F03-B535-8A3034DCCC3E}.Debug|Any CPU.ActiveCfg = Debug|Any CPU
		{2B7DC64C-CD78-4F03-B535-8A3034DCCC3E}.Debug|Any CPU.Build.0 = Debug|Any CPU
		{2B7DC64C-CD78-4F03-B535-8A3034DCCC3E}.Debug|Mixed Platforms.ActiveCfg = Debug|Any CPU
		{2B7DC64C-CD78-4F03-B535-8A3034DCCC3E}.Debug|Mixed Platforms.Build.0 = Debug|Any CPU
		{2B7DC64C-CD78-4F03-B535-8A3034DCCC3E}.Debug|x64.ActiveCfg = Debug|x64
		{2B7DC64C-CD78-4F03-B535-8A3034DCCC3E}.Debug|x64.Build.0 = Debug|x64
		{2B7DC64C-CD78-4F03-B535-8A3034DCCC3E}.Debug|x86.ActiveCfg = Debug|Any CPU
		{2B7DC64C-CD78-4F03-B535-8A3034DCCC3E}.LVDBUG|Any CPU.ActiveCfg = Release|Any CPU
		{2B7DC64C-CD78-4F03-B535-8A3034DCCC3E}.LVDBUG|Any CPU.Build.0 = Release|Any CPU
		{2B7DC64C-CD78-4F03-B535-8A3034DCCC3E}.LVDBUG|Mixed Platforms.ActiveCfg = Release|Any CPU
		{2B7DC64C-CD78-4F03-B535-8A3034DCCC3E}.LVDBUG|Mixed Platforms.Build.0 = Release|Any CPU
		{2B7DC64C-CD78-4F03-B535-8A3034DCCC3E}.LVDBUG|x64.ActiveCfg = Release|x64
		{2B7DC64C-CD78-4F03-B535-8A3034DCCC3E}.LVDBUG|x64.Build.0 = Release|x64
		{2B7DC64C-CD78-4F03-B535-8A3034DCCC3E}.LVDBUG|x86.ActiveCfg = Release|Any CPU
		{2B7DC64C-CD78-4F03-B535-8A3034DCCC3E}.Release|Any CPU.ActiveCfg = Release|Any CPU
		{2B7DC64C-CD78-4F03-B535-8A3034DCCC3E}.Release|Any CPU.Build.0 = Release|Any CPU
		{2B7DC64C-CD78-4F03-B535-8A3034DCCC3E}.Release|Mixed Platforms.ActiveCfg = Release|Any CPU
		{2B7DC64C-CD78-4F03-B535-8A3034DCCC3E}.Release|Mixed Platforms.Build.0 = Release|Any CPU
		{2B7DC64C-CD78-4F03-B535-8A3034DCCC3E}.Release|x64.ActiveCfg = Release|x64
		{2B7DC64C-CD78-4F03-B535-8A3034DCCC3E}.Release|x64.Build.0 = Release|x64
		{2B7DC64C-CD78-4F03-B535-8A3034DCCC3E}.Release|x86.ActiveCfg = Release|Any CPU
		{2B7DC64C-CD78-4F03-B535-8A3034DCCC3E}.Test - Release|Any CPU.ActiveCfg = Release|Any CPU
		{2B7DC64C-CD78-4F03-B535-8A3034DCCC3E}.Test - Release|Any CPU.Build.0 = Release|Any CPU
		{2B7DC64C-CD78-4F03-B535-8A3034DCCC3E}.Test - Release|Mixed Platforms.ActiveCfg = Release|Any CPU
		{2B7DC64C-CD78-4F03-B535-8A3034DCCC3E}.Test - Release|Mixed Platforms.Build.0 = Release|Any CPU
		{2B7DC64C-CD78-4F03-B535-8A3034DCCC3E}.Test - Release|x64.ActiveCfg = Release|x64
		{2B7DC64C-CD78-4F03-B535-8A3034DCCC3E}.Test - Release|x64.Build.0 = Release|x64
		{2B7DC64C-CD78-4F03-B535-8A3034DCCC3E}.Test - Release|x86.ActiveCfg = Release|Any CPU
		{4B48BDE5-7595-4DCB-9967-75816A388FBE}.Debug|Any CPU.ActiveCfg = Debug|Any CPU
		{4B48BDE5-7595-4DCB-9967-75816A388FBE}.Debug|Any CPU.Build.0 = Debug|Any CPU
		{4B48BDE5-7595-4DCB-9967-75816A388FBE}.Debug|Mixed Platforms.ActiveCfg = Debug|Any CPU
		{4B48BDE5-7595-4DCB-9967-75816A388FBE}.Debug|Mixed Platforms.Build.0 = Debug|Any CPU
		{4B48BDE5-7595-4DCB-9967-75816A388FBE}.Debug|x64.ActiveCfg = Debug|Any CPU
		{4B48BDE5-7595-4DCB-9967-75816A388FBE}.Debug|x86.ActiveCfg = Debug|Any CPU
		{4B48BDE5-7595-4DCB-9967-75816A388FBE}.LVDBUG|Any CPU.ActiveCfg = Release|Any CPU
		{4B48BDE5-7595-4DCB-9967-75816A388FBE}.LVDBUG|Any CPU.Build.0 = Release|Any CPU
		{4B48BDE5-7595-4DCB-9967-75816A388FBE}.LVDBUG|Mixed Platforms.ActiveCfg = Release|Any CPU
		{4B48BDE5-7595-4DCB-9967-75816A388FBE}.LVDBUG|Mixed Platforms.Build.0 = Release|Any CPU
		{4B48BDE5-7595-4DCB-9967-75816A388FBE}.LVDBUG|x64.ActiveCfg = Release|Any CPU
		{4B48BDE5-7595-4DCB-9967-75816A388FBE}.LVDBUG|x86.ActiveCfg = Release|Any CPU
		{4B48BDE5-7595-4DCB-9967-75816A388FBE}.Release|Any CPU.ActiveCfg = Release|Any CPU
		{4B48BDE5-7595-4DCB-9967-75816A388FBE}.Release|Any CPU.Build.0 = Release|Any CPU
		{4B48BDE5-7595-4DCB-9967-75816A388FBE}.Release|Mixed Platforms.ActiveCfg = Release|Any CPU
		{4B48BDE5-7595-4DCB-9967-75816A388FBE}.Release|Mixed Platforms.Build.0 = Release|Any CPU
		{4B48BDE5-7595-4DCB-9967-75816A388FBE}.Release|x64.ActiveCfg = Release|Any CPU
		{4B48BDE5-7595-4DCB-9967-75816A388FBE}.Release|x86.ActiveCfg = Release|Any CPU
		{4B48BDE5-7595-4DCB-9967-75816A388FBE}.Test - Release|Any CPU.ActiveCfg = Release|Any CPU
		{4B48BDE5-7595-4DCB-9967-75816A388FBE}.Test - Release|Any CPU.Build.0 = Release|Any CPU
		{4B48BDE5-7595-4DCB-9967-75816A388FBE}.Test - Release|Mixed Platforms.ActiveCfg = Release|Any CPU
		{4B48BDE5-7595-4DCB-9967-75816A388FBE}.Test - Release|Mixed Platforms.Build.0 = Release|Any CPU
		{4B48BDE5-7595-4DCB-9967-75816A388FBE}.Test - Release|x64.ActiveCfg = Release|Any CPU
		{4B48BDE5-7595-4DCB-9967-75816A388FBE}.Test - Release|x86.ActiveCfg = Release|Any CPU
		{EBF66222-DE05-4CE4-8B55-E73D5EB493FF}.Debug|Any CPU.ActiveCfg = Debug|Any CPU
		{EBF66222-DE05-4CE4-8B55-E73D5EB493FF}.Debug|Any CPU.Build.0 = Debug|Any CPU
		{EBF66222-DE05-4CE4-8B55-E73D5EB493FF}.Debug|Mixed Platforms.ActiveCfg = Debug|Any CPU
		{EBF66222-DE05-4CE4-8B55-E73D5EB493FF}.Debug|Mixed Platforms.Build.0 = Debug|Any CPU
		{EBF66222-DE05-4CE4-8B55-E73D5EB493FF}.Debug|x64.ActiveCfg = Debug|Any CPU
		{EBF66222-DE05-4CE4-8B55-E73D5EB493FF}.Debug|x86.ActiveCfg = Debug|Any CPU
		{EBF66222-DE05-4CE4-8B55-E73D5EB493FF}.LVDBUG|Any CPU.ActiveCfg = Release|Any CPU
		{EBF66222-DE05-4CE4-8B55-E73D5EB493FF}.LVDBUG|Any CPU.Build.0 = Release|Any CPU
		{EBF66222-DE05-4CE4-8B55-E73D5EB493FF}.LVDBUG|Mixed Platforms.ActiveCfg = Release|Any CPU
		{EBF66222-DE05-4CE4-8B55-E73D5EB493FF}.LVDBUG|Mixed Platforms.Build.0 = Release|Any CPU
		{EBF66222-DE05-4CE4-8B55-E73D5EB493FF}.LVDBUG|x64.ActiveCfg = Release|Any CPU
		{EBF66222-DE05-4CE4-8B55-E73D5EB493FF}.LVDBUG|x86.ActiveCfg = Release|Any CPU
		{EBF66222-DE05-4CE4-8B55-E73D5EB493FF}.Release|Any CPU.ActiveCfg = Release|Any CPU
		{EBF66222-DE05-4CE4-8B55-E73D5EB493FF}.Release|Any CPU.Build.0 = Release|Any CPU
		{EBF66222-DE05-4CE4-8B55-E73D5EB493FF}.Release|Mixed Platforms.ActiveCfg = Release|Any CPU
		{EBF66222-DE05-4CE4-8B55-E73D5EB493FF}.Release|Mixed Platforms.Build.0 = Release|Any CPU
		{EBF66222-DE05-4CE4-8B55-E73D5EB493FF}.Release|x64.ActiveCfg = Release|Any CPU
		{EBF66222-DE05-4CE4-8B55-E73D5EB493FF}.Release|x86.ActiveCfg = Release|Any CPU
		{EBF66222-DE05-4CE4-8B55-E73D5EB493FF}.Test - Release|Any CPU.ActiveCfg = Release|Any CPU
		{EBF66222-DE05-4CE4-8B55-E73D5EB493FF}.Test - Release|Any CPU.Build.0 = Release|Any CPU
		{EBF66222-DE05-4CE4-8B55-E73D5EB493FF}.Test - Release|Mixed Platforms.ActiveCfg = Release|Any CPU
		{EBF66222-DE05-4CE4-8B55-E73D5EB493FF}.Test - Release|Mixed Platforms.Build.0 = Release|Any CPU
		{EBF66222-DE05-4CE4-8B55-E73D5EB493FF}.Test - Release|x64.ActiveCfg = Release|Any CPU
		{EBF66222-DE05-4CE4-8B55-E73D5EB493FF}.Test - Release|x86.ActiveCfg = Release|Any CPU
	EndGlobalSection
	GlobalSection(SolutionProperties) = preSolution
		HideSolutionNode = FALSE
	EndGlobalSection
	GlobalSection(NestedProjects) = preSolution
		{D758FFAD-5813-486B-86B8-742654407E76} = {352AD5B5-CD41-4E7F-968F-A4421375ED1C}
	EndGlobalSection
EndGlobal
